PODS:
  - Alamofire (4.7.3)
  - AlamofireObjectMapper (5.2.0):
    - Alamofire (~> 4.7)
    - ObjectMapper (~> 3.4)
  - GoogleMaps (2.7.0):
    - GoogleMaps/Maps (= 2.7.0)
  - GoogleMaps/Base (2.7.0)
  - GoogleMaps/Maps (2.7.0):
    - GoogleMaps/Base
  - GooglePlaces (2.7.0):
    - GoogleMaps/Base (= 2.7.0)
  - HMSegmentedControl (1.5.3)
  - MXPagerView (0.2.1)
  - MXParallaxHeader (0.6.1)
  - MXSegmentedPager (3.3.0):
    - HMSegmentedControl (= 1.5.3)
    - MXPagerView (= 0.2.1)
    - MXParallaxHeader (= 0.6.1)
  - ObjectMapper (3.4.1)
  - RAMAnimatedTabBarController (4.0.1)
  - SDWebImage (4.4.2):
    - SDWebImage/Core (= 4.4.2)
  - SDWebImage/Core (4.4.2)
  - Toast-Swift (4.0.0)
  - youtube-ios-player-helper (0.1.6)

DEPENDENCIES:
  - Alamofire
  - AlamofireObjectMapper
  - GoogleMaps
  - GooglePlaces
  - HMSegmentedControl
  - MXPagerView
  - MXParallaxHeader
  - MXSegmentedPager
  - ObjectMapper
  - RAMAnimatedTabBarController
  - SDWebImage (~> 4.0)
  - Toast-Swift
  - youtube-ios-player-helper (~> 0.1.4)

SPEC REPOS:
  https://github.com/cocoapods/specs.git:
    - Alamofire
    - AlamofireObjectMapper
    - GoogleMaps
    - GooglePlaces
    - HMSegmentedControl
    - MXPagerView
    - MXParallaxHeader
    - MXSegmentedPager
    - ObjectMapper
    - RAMAnimatedTabBarController
    - SDWebImage
    - Toast-Swift
    - youtube-ios-player-helper

SPEC CHECKSUMS:
  Alamofire: c7287b6e5d7da964a70935e5db17046b7fde6568
  AlamofireObjectMapper: 92b6ce2423a9d159e686f6a1d514a009bf903ddc
  GoogleMaps: f79af95cb24d869457b1f961c93d3ce8b2f3b848
  GooglePlaces: 3d06e6c99654545b4738ce49648745779c25f2ef
  HMSegmentedControl: 7c6145afb50f26cec5f3243082f6f12b9f41318f
  MXPagerView: ede184b5191b2ed689ccf05a750a9978cce42414
  MXParallaxHeader: 858c403532ed933b381556a81ce333d7065ad182
  MXSegmentedPager: a35ebaf939e1629f24db3bb26653c1c557362f59
  ObjectMapper: 5311bd50ca732930959e7ca1a2de43ab823a5ced
  RAMAnimatedTabBarController: 677d6f7ec7e88b1089486f4db49b0a5067e8ad1c
  SDWebImage: 624d6e296c69b244bcede364c72ae0430ac14681
  Toast-Swift: 594b5c5e5129f15438e410207e43287f027b3c00
  youtube-ios-player-helper: 21ab92db027c7ff86cb17a3843a3f6eafc8158d2

PODFILE CHECKSUM: aebb5109ebf7a3cdae3c359741ebfb7cd4bc3a29

COCOAPODS: 1.5.3
