// !$*UTF8*$!
{
	archiveVersion = 1;
	classes = {
	};
	objectVersion = 50;
	objects = {

/* Begin PBXBuildFile section */
		060E61AA810FEC1FD3DDE99A /* Pods_ismUITests.framework in Frameworks */ = {isa = PBXBuildFile; fileRef = AA1F79793642C3B10F06CDCA /* Pods_ismUITests.framework */; };
		1BC5B9C506B37F053D9F8114 /* Pods_ismTests.framework in Frameworks */ = {isa = PBXBuildFile; fileRef = 23F09C8A21B68C4E001EF51C /* Pods_ismTests.framework */; };
		2312A49C21831A980003D07B /* HomePageViewController.swift in Sources */ = {isa = PBXBuildFile; fileRef = 2312A49B21831A980003D07B /* HomePageViewController.swift */; };
		2312A49E21831ACF0003D07B /* AboutPageViewController.swift in Sources */ = {isa = PBXBuildFile; fileRef = 2312A49D21831ACF0003D07B /* AboutPageViewController.swift */; };
		2312A4A0218708680003D07B /* CollectionViewCell.swift in Sources */ = {isa = PBXBuildFile; fileRef = 2312A49F218708680003D07B /* CollectionViewCell.swift */; };
		2312A4A42187174E0003D07B /* HomeVC.swift in Sources */ = {isa = PBXBuildFile; fileRef = 2312A4A32187174E0003D07B /* HomeVC.swift */; };
		2312A4B1218862FD0003D07B /* Home.swift in Sources */ = {isa = PBXBuildFile; fileRef = 2312A4B0218862FD0003D07B /* Home.swift */; };
		2312A4B62188730C0003D07B /* RegistrationViewController.swift in Sources */ = {isa = PBXBuildFile; fileRef = 2312A4B52188730C0003D07B /* RegistrationViewController.swift */; };
		2316684521A7C94F00DDA5F4 /* Extentions.swift in Sources */ = {isa = PBXBuildFile; fileRef = 2316684421A7C94F00DDA5F4 /* Extentions.swift */; };
		2316684821A7EB5800DDA5F4 /* Student.swift in Sources */ = {isa = PBXBuildFile; fileRef = 2316684721A7EB5800DDA5F4 /* Student.swift */; };
		2325B3D9218C6F5400DC55E2 /* MapsVC.swift in Sources */ = {isa = PBXBuildFile; fileRef = 2325B3D8218C6F5400DC55E2 /* MapsVC.swift */; };
		233A97C121C218A90064E681 /* EventsDetailVC.swift in Sources */ = {isa = PBXBuildFile; fileRef = 233A97C021C218A90064E681 /* EventsDetailVC.swift */; };
		233A97C321C219110064E681 /* Event.swift in Sources */ = {isa = PBXBuildFile; fileRef = 233A97C221C219110064E681 /* Event.swift */; };
		233A97C521C21AF90064E681 /* EventsCVCell.swift in Sources */ = {isa = PBXBuildFile; fileRef = 233A97C421C21AF90064E681 /* EventsCVCell.swift */; };
		233A97C721C23B460064E681 /* EventsTVC.swift in Sources */ = {isa = PBXBuildFile; fileRef = 233A97C621C23B460064E681 /* EventsTVC.swift */; };
		233A97C921C259120064E681 /* About.swift in Sources */ = {isa = PBXBuildFile; fileRef = 233A97C821C259120064E681 /* About.swift */; };
		236BA74621ABB846005D5C4C /* TaxiVC.swift in Sources */ = {isa = PBXBuildFile; fileRef = 236BA74521ABB846005D5C4C /* TaxiVC.swift */; };
		236BA74821ABB858005D5C4C /* TaxiTVCell.swift in Sources */ = {isa = PBXBuildFile; fileRef = 236BA74721ABB858005D5C4C /* TaxiTVCell.swift */; };
		236BA74A21AD0D91005D5C4C /* IsmViewController.swift in Sources */ = {isa = PBXBuildFile; fileRef = 236BA74921AD0D91005D5C4C /* IsmViewController.swift */; };
		23976148217D8E34005614C3 /* AppDelegate.swift in Sources */ = {isa = PBXBuildFile; fileRef = 23976147217D8E34005614C3 /* AppDelegate.swift */; };
		2397614D217D8E34005614C3 /* Main.storyboard in Resources */ = {isa = PBXBuildFile; fileRef = 2397614B217D8E34005614C3 /* Main.storyboard */; };
		2397614F217D8E35005614C3 /* Assets.xcassets in Resources */ = {isa = PBXBuildFile; fileRef = 2397614E217D8E35005614C3 /* Assets.xcassets */; };
		23976152217D8E35005614C3 /* LaunchScreen.storyboard in Resources */ = {isa = PBXBuildFile; fileRef = 23976150217D8E35005614C3 /* LaunchScreen.storyboard */; };
		2397615D217D8E35005614C3 /* ismTests.swift in Sources */ = {isa = PBXBuildFile; fileRef = 2397615C217D8E35005614C3 /* ismTests.swift */; };
		23976168217D8E35005614C3 /* ismUITests.swift in Sources */ = {isa = PBXBuildFile; fileRef = 23976167217D8E35005614C3 /* ismUITests.swift */; };
		23A2C95E21C79C180022D2DA /* Passport.swift in Sources */ = {isa = PBXBuildFile; fileRef = 23A2C95D21C79C180022D2DA /* Passport.swift */; };
		23A2C96021C79C660022D2DA /* PassportVC.swift in Sources */ = {isa = PBXBuildFile; fileRef = 23A2C95F21C79C660022D2DA /* PassportVC.swift */; };
		23A2C96221C7AAD30022D2DA /* IsmStudentVC.swift in Sources */ = {isa = PBXBuildFile; fileRef = 23A2C96121C7AAD30022D2DA /* IsmStudentVC.swift */; };
		23A2C96821C8E1250022D2DA /* EventsDetailTVC.swift in Sources */ = {isa = PBXBuildFile; fileRef = 23A2C96721C8E1250022D2DA /* EventsDetailTVC.swift */; };
		23A2C96A21C900860022D2DA /* Video.swift in Sources */ = {isa = PBXBuildFile; fileRef = 23A2C96921C900860022D2DA /* Video.swift */; };
		23A2C97121C90C3B0022D2DA /* VideoTVCell.swift in Sources */ = {isa = PBXBuildFile; fileRef = 23A2C97021C90C3B0022D2DA /* VideoTVCell.swift */; };
		23A2C97521C90CAC0022D2DA /* VideoVC.swift in Sources */ = {isa = PBXBuildFile; fileRef = 23A2C97421C90CAB0022D2DA /* VideoVC.swift */; };
		23F09C7D21B68C4E001EF51C /* Alamofire.framework in Frameworks */ = {isa = PBXBuildFile; fileRef = 23F09C7C21B68C4E001EF51C /* Alamofire.framework */; };
		23F09C7F21B68C4E001EF51C /* AlamofireObjectMapper.framework in Frameworks */ = {isa = PBXBuildFile; fileRef = 23F09C7E21B68C4E001EF51C /* AlamofireObjectMapper.framework */; };
		23F09C8121B68C4E001EF51C /* HMSegmentedControl.framework in Frameworks */ = {isa = PBXBuildFile; fileRef = 23F09C8021B68C4E001EF51C /* HMSegmentedControl.framework */; };
		23F09C8321B68C4E001EF51C /* MXPagerView.framework in Frameworks */ = {isa = PBXBuildFile; fileRef = 23F09C8221B68C4E001EF51C /* MXPagerView.framework */; };
		23F09C8521B68C4E001EF51C /* MXParallaxHeader.framework in Frameworks */ = {isa = PBXBuildFile; fileRef = 23F09C8421B68C4E001EF51C /* MXParallaxHeader.framework */; };
		23F09C8721B68C4E001EF51C /* MXSegmentedPager.framework in Frameworks */ = {isa = PBXBuildFile; fileRef = 23F09C8621B68C4E001EF51C /* MXSegmentedPager.framework */; };
		23F09C8921B68C4E001EF51C /* ObjectMapper.framework in Frameworks */ = {isa = PBXBuildFile; fileRef = 23F09C8821B68C4E001EF51C /* ObjectMapper.framework */; };
		23F09C8F21B68C4E001EF51C /* RAMAnimatedTabBarController.framework in Frameworks */ = {isa = PBXBuildFile; fileRef = 23F09C8E21B68C4E001EF51C /* RAMAnimatedTabBarController.framework */; };
		23F09C9121B68C4E001EF51C /* SDWebImage.framework in Frameworks */ = {isa = PBXBuildFile; fileRef = 23F09C9021B68C4E001EF51C /* SDWebImage.framework */; };
		23F09C9321B68C4E001EF51C /* Toast_Swift.framework in Frameworks */ = {isa = PBXBuildFile; fileRef = 23F09C9221B68C4E001EF51C /* Toast_Swift.framework */; };
		23F09C9521B68C4E001EF51C /* youtube_ios_player_helper.framework in Frameworks */ = {isa = PBXBuildFile; fileRef = 23F09C9421B68C4E001EF51C /* youtube_ios_player_helper.framework */; };
		23F6999C21A556DA001E2428 /* ApiInteractor.swift in Sources */ = {isa = PBXBuildFile; fileRef = 23F6999B21A556DA001E2428 /* ApiInteractor.swift */; };
		23F6999F21A55808001E2428 /* Constaints.swift in Sources */ = {isa = PBXBuildFile; fileRef = 23F6999E21A55808001E2428 /* Constaints.swift */; };
		23F699A121A5620E001E2428 /* Tickets.swift in Sources */ = {isa = PBXBuildFile; fileRef = 23F699A021A5620E001E2428 /* Tickets.swift */; };
		23F699A421A56FD7001E2428 /* TicketVC.swift in Sources */ = {isa = PBXBuildFile; fileRef = 23F699A321A56FD7001E2428 /* TicketVC.swift */; };
		23F699A621A57099001E2428 /* TicketTVCell.swift in Sources */ = {isa = PBXBuildFile; fileRef = 23F699A521A57099001E2428 /* TicketTVCell.swift */; };
		23FFEBDD21A6C39800216B71 /* LibraryVC.swift in Sources */ = {isa = PBXBuildFile; fileRef = 23FFEBDC21A6C39800216B71 /* LibraryVC.swift */; };
		23FFEBDF21A6C3E600216B71 /* LibraryTVCell.swift in Sources */ = {isa = PBXBuildFile; fileRef = 23FFEBDE21A6C3E600216B71 /* LibraryTVCell.swift */; };
		23FFEBE121A6C54500216B71 /* Library.swift in Sources */ = {isa = PBXBuildFile; fileRef = 23FFEBE021A6C54500216B71 /* Library.swift */; };
		6E0F8C0E21CF8D3400B2C191 /* UIColorExtension.swift in Sources */ = {isa = PBXBuildFile; fileRef = 6E0F8C0D21CF8D3400B2C191 /* UIColorExtension.swift */; };
		6E0F8C1121CFFB0800B2C191 /* DatePickerViewController.swift in Sources */ = {isa = PBXBuildFile; fileRef = 6E0F8C1021CFFB0800B2C191 /* DatePickerViewController.swift */; };
		6E0F8C1321CFFB1F00B2C191 /* DatePickerViewController.storyboard in Resources */ = {isa = PBXBuildFile; fileRef = 6E0F8C1221CFFB1F00B2C191 /* DatePickerViewController.storyboard */; };
		6E13242A21D4FDF200AAC185 /* UIViewControllerNavBar.swift in Sources */ = {isa = PBXBuildFile; fileRef = 6E13242921D4FDF200AAC185 /* UIViewControllerNavBar.swift */; };
		6E13242D21D502B700AAC185 /* PassportVC.storyboard in Resources */ = {isa = PBXBuildFile; fileRef = 6E13242C21D502B700AAC185 /* PassportVC.storyboard */; };
		6E13243021D5043900AAC185 /* IsmStudentVC.storyboard in Resources */ = {isa = PBXBuildFile; fileRef = 6E13242F21D5043900AAC185 /* IsmStudentVC.storyboard */; };
		6E13243421D54B4B00AAC185 /* VideoVC.storyboard in Resources */ = {isa = PBXBuildFile; fileRef = 6E13243321D54B4B00AAC185 /* VideoVC.storyboard */; };
		6E13243621D56A4F00AAC185 /* TicketVC.storyboard in Resources */ = {isa = PBXBuildFile; fileRef = 6E13243521D56A4F00AAC185 /* TicketVC.storyboard */; };
		6E13243821D56BFE00AAC185 /* TaxiVC.storyboard in Resources */ = {isa = PBXBuildFile; fileRef = 6E13243721D56BFE00AAC185 /* TaxiVC.storyboard */; };
		6E218981852536ED4FB71E06 /* Pods_ism.framework in Frameworks */ = {isa = PBXBuildFile; fileRef = 305A5446B007425E29ACAC43 /* Pods_ism.framework */; };
		6E264494221ED8CE00A2487B /* LetterCell.swift in Sources */ = {isa = PBXBuildFile; fileRef = 6E264493221ED8CE00A2487B /* LetterCell.swift */; };
		6E2E7BE52226F387004A2028 /* PassportViewController.swift in Sources */ = {isa = PBXBuildFile; fileRef = 6E2E7BE42226F387004A2028 /* PassportViewController.swift */; };
		6E34714A21E083CF007BCAD1 /* MainViewController.swift in Sources */ = {isa = PBXBuildFile; fileRef = 6E34714921E083CF007BCAD1 /* MainViewController.swift */; };
		6EA4A98F221D8F020055C53E /* ContactsVC.swift in Sources */ = {isa = PBXBuildFile; fileRef = 6EA4A98E221D8F020055C53E /* ContactsVC.swift */; };
		6EA4A991221D8F380055C53E /* ContactsCell.swift in Sources */ = {isa = PBXBuildFile; fileRef = 6EA4A990221D8F380055C53E /* ContactsCell.swift */; };
		6EA4A993221D92220055C53E /* Roboto-Regular.ttf in Resources */ = {isa = PBXBuildFile; fileRef = 6EA4A992221D92220055C53E /* Roboto-Regular.ttf */; };
		6EA4A995221D95EB0055C53E /* ContactCampus.swift in Sources */ = {isa = PBXBuildFile; fileRef = 6EA4A994221D95EB0055C53E /* ContactCampus.swift */; };
		6EA9014E22130A19004A73B6 /* FooterCell.swift in Sources */ = {isa = PBXBuildFile; fileRef = 6EA9014D22130A19004A73B6 /* FooterCell.swift */; };
		6EA9351A22257368006F2041 /* MapsDetailDescriptionCell.swift in Sources */ = {isa = PBXBuildFile; fileRef = 6EA9351922257368006F2041 /* MapsDetailDescriptionCell.swift */; };
		6EA9351C22257D33006F2041 /* MapsDetailTaxiCell.swift in Sources */ = {isa = PBXBuildFile; fileRef = 6EA9351B22257D33006F2041 /* MapsDetailTaxiCell.swift */; };
		6EA9351E22258950006F2041 /* MapsDetailAirCell.swift in Sources */ = {isa = PBXBuildFile; fileRef = 6EA9351D22258950006F2041 /* MapsDetailAirCell.swift */; };
		6EA935232225ABD7006F2041 /* CouncilVC.swift in Sources */ = {isa = PBXBuildFile; fileRef = 6EA935222225ABD7006F2041 /* CouncilVC.swift */; };
		6EA935252225AD07006F2041 /* Council.swift in Sources */ = {isa = PBXBuildFile; fileRef = 6EA935242225AD07006F2041 /* Council.swift */; };
		6EA935272225AEFB006F2041 /* CouncilCell.swift in Sources */ = {isa = PBXBuildFile; fileRef = 6EA935262225AEFB006F2041 /* CouncilCell.swift */; };
		6EA9398C2212F65200080F3C /* Roboto-Medium.ttf in Resources */ = {isa = PBXBuildFile; fileRef = 6EA9398B2212F65200080F3C /* Roboto-Medium.ttf */; };
		6EA9398E2212F6B400080F3C /* Constants.swift in Sources */ = {isa = PBXBuildFile; fileRef = 6EA9398D2212F6B400080F3C /* Constants.swift */; };
		6EA964FB21D7621600581E60 /* EventsDetailVC.storyboard in Resources */ = {isa = PBXBuildFile; fileRef = 6EA964FA21D7621600581E60 /* EventsDetailVC.storyboard */; };
		6EA964FD21D7646B00581E60 /* EventsDetailTVC.storyboard in Resources */ = {isa = PBXBuildFile; fileRef = 6EA964FC21D7646B00581E60 /* EventsDetailTVC.storyboard */; };
		6EAD53B421D23AD60071118C /* Group.swift in Sources */ = {isa = PBXBuildFile; fileRef = 6EAD53B321D23AD60071118C /* Group.swift */; };
		6EAD53B621D243460071118C /* Semester.swift in Sources */ = {isa = PBXBuildFile; fileRef = 6EAD53B521D243460071118C /* Semester.swift */; };
		6EAD53B821D25A1B0071118C /* Schedule.swift in Sources */ = {isa = PBXBuildFile; fileRef = 6EAD53B721D25A1B0071118C /* Schedule.swift */; };
		6EAD53BA21D262D30071118C /* Subject.swift in Sources */ = {isa = PBXBuildFile; fileRef = 6EAD53B921D262D30071118C /* Subject.swift */; };
		6EADBE1F222795E8007AA747 /* Manual.swift in Sources */ = {isa = PBXBuildFile; fileRef = 6EADBE1E222795E8007AA747 /* Manual.swift */; };
		6EADBE212227A6A9007AA747 /* PDFViewController.swift in Sources */ = {isa = PBXBuildFile; fileRef = 6EADBE202227A6A9007AA747 /* PDFViewController.swift */; };
		6EADBE242227BF18007AA747 /* Map.swift in Sources */ = {isa = PBXBuildFile; fileRef = 6EADBE232227BF18007AA747 /* Map.swift */; };
		6EBDC3C8221FD5C900A5B163 /* AcademicsVC.swift in Sources */ = {isa = PBXBuildFile; fileRef = 6EBDC3C7221FD5C900A5B163 /* AcademicsVC.swift */; };
		6EBDC3CA221FD84700A5B163 /* AcademicsHeaderCell.swift in Sources */ = {isa = PBXBuildFile; fileRef = 6EBDC3C9221FD84700A5B163 /* AcademicsHeaderCell.swift */; };
		6EBDC3CC221FD85300A5B163 /* AcademicsBodyCell.swift in Sources */ = {isa = PBXBuildFile; fileRef = 6EBDC3CB221FD85300A5B163 /* AcademicsBodyCell.swift */; };
		6EBDC3CE221FE64F00A5B163 /* Academics.swift in Sources */ = {isa = PBXBuildFile; fileRef = 6EBDC3CD221FE64F00A5B163 /* Academics.swift */; };
		6EBDC3D322202F6200A5B163 /* Maps.swift in Sources */ = {isa = PBXBuildFile; fileRef = 6EBDC3D222202F6200A5B163 /* Maps.swift */; };
		6EBDC3D52220309400A5B163 /* CampusesCell.swift in Sources */ = {isa = PBXBuildFile; fileRef = 6EBDC3D42220309400A5B163 /* CampusesCell.swift */; };
		6EBDC3D9222032E600A5B163 /* AboutUs.swift in Sources */ = {isa = PBXBuildFile; fileRef = 6EBDC3D8222032E600A5B163 /* AboutUs.swift */; };
		6ECB0BA721DF69260034C5D3 /* PhotoCell.swift in Sources */ = {isa = PBXBuildFile; fileRef = 6ECB0BA621DF69260034C5D3 /* PhotoCell.swift */; };
		6ECF7EBC2225340A00CF62EF /* MapsDetailVC.swift in Sources */ = {isa = PBXBuildFile; fileRef = 6ECF7EBB2225340A00CF62EF /* MapsDetailVC.swift */; };
		6ECF7EBE222537D600CF62EF /* MapsDetailContactsCell.swift in Sources */ = {isa = PBXBuildFile; fileRef = 6ECF7EBD222537D600CF62EF /* MapsDetailContactsCell.swift */; };
		6ED24ED52202F04100BDCD82 /* NewMapsVC.swift in Sources */ = {isa = PBXBuildFile; fileRef = 6ED24ED42202F04100BDCD82 /* NewMapsVC.swift */; };
		6ED24ED72202F5E900BDCD82 /* NewCampus.swift in Sources */ = {isa = PBXBuildFile; fileRef = 6ED24ED62202F5E900BDCD82 /* NewCampus.swift */; };
		6ED24ED922031DAA00BDCD82 /* CampusDetail.swift in Sources */ = {isa = PBXBuildFile; fileRef = 6ED24ED822031DAA00BDCD82 /* CampusDetail.swift */; };
		6ED5B60321F06CE700E72AD1 /* MapsCVCell.swift in Sources */ = {isa = PBXBuildFile; fileRef = 6ED5B60221F06CE700E72AD1 /* MapsCVCell.swift */; };
		6ED5B60921F0BBA100E72AD1 /* CustomPin.swift in Sources */ = {isa = PBXBuildFile; fileRef = 6ED5B60821F0BBA100E72AD1 /* CustomPin.swift */; };
		6ED9AED721CE4F4B00A86781 /* CalendarPopupViewController.swift in Sources */ = {isa = PBXBuildFile; fileRef = 6ED9AED621CE4F4B00A86781 /* CalendarPopupViewController.swift */; };
		6ED9AED921CE6C8B00A86781 /* CalendarPopupViewController.storyboard in Resources */ = {isa = PBXBuildFile; fileRef = 6ED9AED821CE6C8B00A86781 /* CalendarPopupViewController.storyboard */; };
		6EDB8AC621D0965800DD5DC9 /* ScheduleVC.storyboard in Resources */ = {isa = PBXBuildFile; fileRef = 6EDB8AC521D0965800DD5DC9 /* ScheduleVC.storyboard */; };
		6EDB8AC821D09A6E00DD5DC9 /* ScheduleVC.swift in Sources */ = {isa = PBXBuildFile; fileRef = 6EDB8AC721D09A6E00DD5DC9 /* ScheduleVC.swift */; };
		6EE4E39D21D4AD8900F6C3EB /* LibraryVC.storyboard in Resources */ = {isa = PBXBuildFile; fileRef = 6EE4E39C21D4AD8900F6C3EB /* LibraryVC.storyboard */; };
		6EE8428A22213B16007FA3D4 /* NewsVC.swift in Sources */ = {isa = PBXBuildFile; fileRef = 6EE8428922213B16007FA3D4 /* NewsVC.swift */; };
		6EE8428C22213FCF007FA3D4 /* NewsCell.swift in Sources */ = {isa = PBXBuildFile; fileRef = 6EE8428B22213FCF007FA3D4 /* NewsCell.swift */; };
		6EE87CD021D0CA9E00A3E353 /* ScheduleCV.swift in Sources */ = {isa = PBXBuildFile; fileRef = 6EE87CCF21D0CA9E00A3E353 /* ScheduleCV.swift */; };
		6EE87CD221D0CBF900A3E353 /* ScheduleCVCell.swift in Sources */ = {isa = PBXBuildFile; fileRef = 6EE87CD121D0CBF900A3E353 /* ScheduleCVCell.swift */; };
		6EE87CD621D0CE2400A3E353 /* ScheduleCV.storyboard in Resources */ = {isa = PBXBuildFile; fileRef = 6EE87CD521D0CE2400A3E353 /* ScheduleCV.storyboard */; };
		6EE87CD821D0CFF700A3E353 /* ScheduleTVCell.swift in Sources */ = {isa = PBXBuildFile; fileRef = 6EE87CD721D0CFF700A3E353 /* ScheduleTVCell.swift */; };
		6EEA646A2204136D0045691A /* MapWindowVC.swift in Sources */ = {isa = PBXBuildFile; fileRef = 6EEA64692204136D0045691A /* MapWindowVC.swift */; };
		6EFB3EF6221E84DC00DFC536 /* CampusPage.swift in Sources */ = {isa = PBXBuildFile; fileRef = 6EFB3EF5221E84DC00DFC536 /* CampusPage.swift */; };
		6EFB3EF8221E873700DFC536 /* CampusBodyCell.swift in Sources */ = {isa = PBXBuildFile; fileRef = 6EFB3EF7221E873700DFC536 /* CampusBodyCell.swift */; };
		6EFB3EFA221E8AD200DFC536 /* CampusHeaderCell.swift in Sources */ = {isa = PBXBuildFile; fileRef = 6EFB3EF9221E8AD200DFC536 /* CampusHeaderCell.swift */; };
		6EFB3F01221EB28800DFC536 /* ApplicantVC.swift in Sources */ = {isa = PBXBuildFile; fileRef = 6EFB3F00221EB28800DFC536 /* ApplicantVC.swift */; };
		6EFE1AA821E7A902008C59AC /* UIViewControllerTextField.swift in Sources */ = {isa = PBXBuildFile; fileRef = 6EFE1AA721E7A902008C59AC /* UIViewControllerTextField.swift */; };
		B6F701FDC8A6A4307D47FBF9 /* Pods_ismUITests.framework in Frameworks */ = {isa = PBXBuildFile; fileRef = 23F09C8C21B68C4E001EF51C /* Pods_ismUITests.framework */; };
		CB08B8CFE7081A7830C0059A /* Pods_ismTests.framework in Frameworks */ = {isa = PBXBuildFile; fileRef = 38AD982DC944684CE72D340E /* Pods_ismTests.framework */; };
/* End PBXBuildFile section */

/* Begin PBXContainerItemProxy section */
		23976159217D8E35005614C3 /* PBXContainerItemProxy */ = {
			isa = PBXContainerItemProxy;
			containerPortal = 2397613C217D8E34005614C3 /* Project object */;
			proxyType = 1;
			remoteGlobalIDString = 23976143217D8E34005614C3;
			remoteInfo = ism;
		};
		23976164217D8E35005614C3 /* PBXContainerItemProxy */ = {
			isa = PBXContainerItemProxy;
			containerPortal = 2397613C217D8E34005614C3 /* Project object */;
			proxyType = 1;
			remoteGlobalIDString = 23976143217D8E34005614C3;
			remoteInfo = ism;
		};
/* End PBXContainerItemProxy section */

/* Begin PBXFileReference section */
		2312A49B21831A980003D07B /* HomePageViewController.swift */ = {isa = PBXFileReference; lastKnownFileType = sourcecode.swift; path = HomePageViewController.swift; sourceTree = "<group>"; };
		2312A49D21831ACF0003D07B /* AboutPageViewController.swift */ = {isa = PBXFileReference; lastKnownFileType = sourcecode.swift; path = AboutPageViewController.swift; sourceTree = "<group>"; };
		2312A49F218708680003D07B /* CollectionViewCell.swift */ = {isa = PBXFileReference; lastKnownFileType = sourcecode.swift; path = CollectionViewCell.swift; sourceTree = "<group>"; };
		2312A4A32187174E0003D07B /* HomeVC.swift */ = {isa = PBXFileReference; lastKnownFileType = sourcecode.swift; path = HomeVC.swift; sourceTree = "<group>"; };
		2312A4B0218862FD0003D07B /* Home.swift */ = {isa = PBXFileReference; lastKnownFileType = sourcecode.swift; path = Home.swift; sourceTree = "<group>"; };
		2312A4B52188730C0003D07B /* RegistrationViewController.swift */ = {isa = PBXFileReference; lastKnownFileType = sourcecode.swift; path = RegistrationViewController.swift; sourceTree = "<group>"; };
		2316684421A7C94F00DDA5F4 /* Extentions.swift */ = {isa = PBXFileReference; lastKnownFileType = sourcecode.swift; path = Extentions.swift; sourceTree = "<group>"; };
		2316684721A7EB5800DDA5F4 /* Student.swift */ = {isa = PBXFileReference; lastKnownFileType = sourcecode.swift; path = Student.swift; sourceTree = "<group>"; };
		2325B3D8218C6F5400DC55E2 /* MapsVC.swift */ = {isa = PBXFileReference; lastKnownFileType = sourcecode.swift; path = MapsVC.swift; sourceTree = "<group>"; };
		233A97C021C218A90064E681 /* EventsDetailVC.swift */ = {isa = PBXFileReference; lastKnownFileType = sourcecode.swift; path = EventsDetailVC.swift; sourceTree = "<group>"; };
		233A97C221C219110064E681 /* Event.swift */ = {isa = PBXFileReference; lastKnownFileType = sourcecode.swift; path = Event.swift; sourceTree = "<group>"; };
		233A97C421C21AF90064E681 /* EventsCVCell.swift */ = {isa = PBXFileReference; lastKnownFileType = sourcecode.swift; path = EventsCVCell.swift; sourceTree = "<group>"; };
		233A97C621C23B460064E681 /* EventsTVC.swift */ = {isa = PBXFileReference; lastKnownFileType = sourcecode.swift; path = EventsTVC.swift; sourceTree = "<group>"; };
		233A97C821C259120064E681 /* About.swift */ = {isa = PBXFileReference; lastKnownFileType = sourcecode.swift; path = About.swift; sourceTree = "<group>"; };
		236BA74521ABB846005D5C4C /* TaxiVC.swift */ = {isa = PBXFileReference; lastKnownFileType = sourcecode.swift; path = TaxiVC.swift; sourceTree = "<group>"; };
		236BA74721ABB858005D5C4C /* TaxiTVCell.swift */ = {isa = PBXFileReference; lastKnownFileType = sourcecode.swift; path = TaxiTVCell.swift; sourceTree = "<group>"; };
		236BA74921AD0D91005D5C4C /* IsmViewController.swift */ = {isa = PBXFileReference; lastKnownFileType = sourcecode.swift; path = IsmViewController.swift; sourceTree = "<group>"; };
		23976144217D8E34005614C3 /* ism.app */ = {isa = PBXFileReference; explicitFileType = wrapper.application; includeInIndex = 0; path = ism.app; sourceTree = BUILT_PRODUCTS_DIR; };
		23976147217D8E34005614C3 /* AppDelegate.swift */ = {isa = PBXFileReference; lastKnownFileType = sourcecode.swift; path = AppDelegate.swift; sourceTree = "<group>"; };
		2397614C217D8E34005614C3 /* Base */ = {isa = PBXFileReference; lastKnownFileType = file.storyboard; name = Base; path = Base.lproj/Main.storyboard; sourceTree = "<group>"; };
		2397614E217D8E35005614C3 /* Assets.xcassets */ = {isa = PBXFileReference; lastKnownFileType = folder.assetcatalog; path = Assets.xcassets; sourceTree = "<group>"; };
		23976151217D8E35005614C3 /* Base */ = {isa = PBXFileReference; lastKnownFileType = file.storyboard; name = Base; path = Base.lproj/LaunchScreen.storyboard; sourceTree = "<group>"; };
		23976153217D8E35005614C3 /* Info.plist */ = {isa = PBXFileReference; lastKnownFileType = text.plist.xml; path = Info.plist; sourceTree = "<group>"; };
		23976158217D8E35005614C3 /* ismTests.xctest */ = {isa = PBXFileReference; explicitFileType = wrapper.cfbundle; includeInIndex = 0; path = ismTests.xctest; sourceTree = BUILT_PRODUCTS_DIR; };
		2397615C217D8E35005614C3 /* ismTests.swift */ = {isa = PBXFileReference; lastKnownFileType = sourcecode.swift; path = ismTests.swift; sourceTree = "<group>"; };
		2397615E217D8E35005614C3 /* Info.plist */ = {isa = PBXFileReference; lastKnownFileType = text.plist.xml; path = Info.plist; sourceTree = "<group>"; };
		23976163217D8E35005614C3 /* ismUITests.xctest */ = {isa = PBXFileReference; explicitFileType = wrapper.cfbundle; includeInIndex = 0; path = ismUITests.xctest; sourceTree = BUILT_PRODUCTS_DIR; };
		23976167217D8E35005614C3 /* ismUITests.swift */ = {isa = PBXFileReference; lastKnownFileType = sourcecode.swift; path = ismUITests.swift; sourceTree = "<group>"; };
		23976169217D8E35005614C3 /* Info.plist */ = {isa = PBXFileReference; lastKnownFileType = text.plist.xml; path = Info.plist; sourceTree = "<group>"; };
		23A2C95D21C79C180022D2DA /* Passport.swift */ = {isa = PBXFileReference; lastKnownFileType = sourcecode.swift; path = Passport.swift; sourceTree = "<group>"; };
		23A2C95F21C79C660022D2DA /* PassportVC.swift */ = {isa = PBXFileReference; lastKnownFileType = sourcecode.swift; path = PassportVC.swift; sourceTree = "<group>"; };
		23A2C96121C7AAD30022D2DA /* IsmStudentVC.swift */ = {isa = PBXFileReference; lastKnownFileType = sourcecode.swift; path = IsmStudentVC.swift; sourceTree = "<group>"; };
		23A2C96721C8E1250022D2DA /* EventsDetailTVC.swift */ = {isa = PBXFileReference; lastKnownFileType = sourcecode.swift; path = EventsDetailTVC.swift; sourceTree = "<group>"; };
		23A2C96921C900860022D2DA /* Video.swift */ = {isa = PBXFileReference; lastKnownFileType = sourcecode.swift; path = Video.swift; sourceTree = "<group>"; };
		23A2C97021C90C3B0022D2DA /* VideoTVCell.swift */ = {isa = PBXFileReference; lastKnownFileType = sourcecode.swift; path = VideoTVCell.swift; sourceTree = "<group>"; };
		23A2C97421C90CAB0022D2DA /* VideoVC.swift */ = {isa = PBXFileReference; lastKnownFileType = sourcecode.swift; path = VideoVC.swift; sourceTree = "<group>"; };
		23F09C7C21B68C4E001EF51C /* Alamofire.framework */ = {isa = PBXFileReference; explicitFileType = wrapper.framework; path = Alamofire.framework; sourceTree = BUILT_PRODUCTS_DIR; };
		23F09C7E21B68C4E001EF51C /* AlamofireObjectMapper.framework */ = {isa = PBXFileReference; explicitFileType = wrapper.framework; path = AlamofireObjectMapper.framework; sourceTree = BUILT_PRODUCTS_DIR; };
		23F09C8021B68C4E001EF51C /* HMSegmentedControl.framework */ = {isa = PBXFileReference; explicitFileType = wrapper.framework; path = HMSegmentedControl.framework; sourceTree = BUILT_PRODUCTS_DIR; };
		23F09C8221B68C4E001EF51C /* MXPagerView.framework */ = {isa = PBXFileReference; explicitFileType = wrapper.framework; path = MXPagerView.framework; sourceTree = BUILT_PRODUCTS_DIR; };
		23F09C8421B68C4E001EF51C /* MXParallaxHeader.framework */ = {isa = PBXFileReference; explicitFileType = wrapper.framework; path = MXParallaxHeader.framework; sourceTree = BUILT_PRODUCTS_DIR; };
		23F09C8621B68C4E001EF51C /* MXSegmentedPager.framework */ = {isa = PBXFileReference; explicitFileType = wrapper.framework; path = MXSegmentedPager.framework; sourceTree = BUILT_PRODUCTS_DIR; };
		23F09C8821B68C4E001EF51C /* ObjectMapper.framework */ = {isa = PBXFileReference; explicitFileType = wrapper.framework; path = ObjectMapper.framework; sourceTree = BUILT_PRODUCTS_DIR; };
		23F09C8A21B68C4E001EF51C /* Pods_ismTests.framework */ = {isa = PBXFileReference; explicitFileType = wrapper.framework; path = Pods_ismTests.framework; sourceTree = BUILT_PRODUCTS_DIR; };
		23F09C8C21B68C4E001EF51C /* Pods_ismUITests.framework */ = {isa = PBXFileReference; explicitFileType = wrapper.framework; path = Pods_ismUITests.framework; sourceTree = BUILT_PRODUCTS_DIR; };
		23F09C8E21B68C4E001EF51C /* RAMAnimatedTabBarController.framework */ = {isa = PBXFileReference; explicitFileType = wrapper.framework; path = RAMAnimatedTabBarController.framework; sourceTree = BUILT_PRODUCTS_DIR; };
		23F09C9021B68C4E001EF51C /* SDWebImage.framework */ = {isa = PBXFileReference; explicitFileType = wrapper.framework; path = SDWebImage.framework; sourceTree = BUILT_PRODUCTS_DIR; };
		23F09C9221B68C4E001EF51C /* Toast_Swift.framework */ = {isa = PBXFileReference; explicitFileType = wrapper.framework; path = Toast_Swift.framework; sourceTree = BUILT_PRODUCTS_DIR; };
		23F09C9421B68C4E001EF51C /* youtube_ios_player_helper.framework */ = {isa = PBXFileReference; explicitFileType = wrapper.framework; path = youtube_ios_player_helper.framework; sourceTree = BUILT_PRODUCTS_DIR; };
		23F6999B21A556DA001E2428 /* ApiInteractor.swift */ = {isa = PBXFileReference; lastKnownFileType = sourcecode.swift; path = ApiInteractor.swift; sourceTree = "<group>"; };
		23F6999E21A55808001E2428 /* Constaints.swift */ = {isa = PBXFileReference; lastKnownFileType = sourcecode.swift; path = Constaints.swift; sourceTree = "<group>"; };
		23F699A021A5620E001E2428 /* Tickets.swift */ = {isa = PBXFileReference; lastKnownFileType = sourcecode.swift; path = Tickets.swift; sourceTree = "<group>"; };
		23F699A321A56FD7001E2428 /* TicketVC.swift */ = {isa = PBXFileReference; lastKnownFileType = sourcecode.swift; path = TicketVC.swift; sourceTree = "<group>"; };
		23F699A521A57099001E2428 /* TicketTVCell.swift */ = {isa = PBXFileReference; lastKnownFileType = sourcecode.swift; path = TicketTVCell.swift; sourceTree = "<group>"; };
		23FFEBDC21A6C39800216B71 /* LibraryVC.swift */ = {isa = PBXFileReference; lastKnownFileType = sourcecode.swift; path = LibraryVC.swift; sourceTree = "<group>"; };
		23FFEBDE21A6C3E600216B71 /* LibraryTVCell.swift */ = {isa = PBXFileReference; lastKnownFileType = sourcecode.swift; path = LibraryTVCell.swift; sourceTree = "<group>"; };
		23FFEBE021A6C54500216B71 /* Library.swift */ = {isa = PBXFileReference; lastKnownFileType = sourcecode.swift; path = Library.swift; sourceTree = "<group>"; };
		2AFBD8F6F2E4D863F085FBF1 /* Pods-ism.debug.xcconfig */ = {isa = PBXFileReference; includeInIndex = 1; lastKnownFileType = text.xcconfig; name = "Pods-ism.debug.xcconfig"; path = "Pods/Target Support Files/Pods-ism/Pods-ism.debug.xcconfig"; sourceTree = "<group>"; };
		2F7B8238F3D93D7C7E9CD7CA /* Pods-ismUITests.debug.xcconfig */ = {isa = PBXFileReference; includeInIndex = 1; lastKnownFileType = text.xcconfig; name = "Pods-ismUITests.debug.xcconfig"; path = "Pods/Target Support Files/Pods-ismUITests/Pods-ismUITests.debug.xcconfig"; sourceTree = "<group>"; };
		305A5446B007425E29ACAC43 /* Pods_ism.framework */ = {isa = PBXFileReference; explicitFileType = wrapper.framework; includeInIndex = 0; path = Pods_ism.framework; sourceTree = BUILT_PRODUCTS_DIR; };
		38AD982DC944684CE72D340E /* Pods_ismTests.framework */ = {isa = PBXFileReference; explicitFileType = wrapper.framework; includeInIndex = 0; path = Pods_ismTests.framework; sourceTree = BUILT_PRODUCTS_DIR; };
		52A904DD293C72B3E8FC6D64 /* Pods-ismTests.debug.xcconfig */ = {isa = PBXFileReference; includeInIndex = 1; lastKnownFileType = text.xcconfig; name = "Pods-ismTests.debug.xcconfig"; path = "Pods/Target Support Files/Pods-ismTests/Pods-ismTests.debug.xcconfig"; sourceTree = "<group>"; };
		5F41E0C7A3878E4D506856F3 /* Pods-ismTests.release.xcconfig */ = {isa = PBXFileReference; includeInIndex = 1; lastKnownFileType = text.xcconfig; name = "Pods-ismTests.release.xcconfig"; path = "Pods/Target Support Files/Pods-ismTests/Pods-ismTests.release.xcconfig"; sourceTree = "<group>"; };
		65FE155C4162B26BD8998DCF /* Pods-ismUITests.release.xcconfig */ = {isa = PBXFileReference; includeInIndex = 1; lastKnownFileType = text.xcconfig; name = "Pods-ismUITests.release.xcconfig"; path = "Pods/Target Support Files/Pods-ismUITests/Pods-ismUITests.release.xcconfig"; sourceTree = "<group>"; };
		6E0F8C0D21CF8D3400B2C191 /* UIColorExtension.swift */ = {isa = PBXFileReference; lastKnownFileType = sourcecode.swift; path = UIColorExtension.swift; sourceTree = "<group>"; };
		6E0F8C1021CFFB0800B2C191 /* DatePickerViewController.swift */ = {isa = PBXFileReference; lastKnownFileType = sourcecode.swift; path = DatePickerViewController.swift; sourceTree = "<group>"; };
		6E0F8C1221CFFB1F00B2C191 /* DatePickerViewController.storyboard */ = {isa = PBXFileReference; lastKnownFileType = file.storyboard; path = DatePickerViewController.storyboard; sourceTree = "<group>"; };
		6E13242921D4FDF200AAC185 /* UIViewControllerNavBar.swift */ = {isa = PBXFileReference; lastKnownFileType = sourcecode.swift; path = UIViewControllerNavBar.swift; sourceTree = "<group>"; };
		6E13242C21D502B700AAC185 /* PassportVC.storyboard */ = {isa = PBXFileReference; fileEncoding = 4; lastKnownFileType = file.storyboard; path = PassportVC.storyboard; sourceTree = "<group>"; };
		6E13242F21D5043900AAC185 /* IsmStudentVC.storyboard */ = {isa = PBXFileReference; fileEncoding = 4; lastKnownFileType = file.storyboard; path = IsmStudentVC.storyboard; sourceTree = "<group>"; };
		6E13243321D54B4B00AAC185 /* VideoVC.storyboard */ = {isa = PBXFileReference; fileEncoding = 4; lastKnownFileType = file.storyboard; path = VideoVC.storyboard; sourceTree = "<group>"; };
		6E13243521D56A4F00AAC185 /* TicketVC.storyboard */ = {isa = PBXFileReference; fileEncoding = 4; lastKnownFileType = file.storyboard; path = TicketVC.storyboard; sourceTree = "<group>"; };
		6E13243721D56BFE00AAC185 /* TaxiVC.storyboard */ = {isa = PBXFileReference; fileEncoding = 4; lastKnownFileType = file.storyboard; path = TaxiVC.storyboard; sourceTree = "<group>"; };
		6E264493221ED8CE00A2487B /* LetterCell.swift */ = {isa = PBXFileReference; lastKnownFileType = sourcecode.swift; path = LetterCell.swift; sourceTree = "<group>"; };
		6E2E7BE42226F387004A2028 /* PassportViewController.swift */ = {isa = PBXFileReference; lastKnownFileType = sourcecode.swift; path = PassportViewController.swift; sourceTree = "<group>"; };
		6E34714921E083CF007BCAD1 /* MainViewController.swift */ = {isa = PBXFileReference; fileEncoding = 4; lastKnownFileType = sourcecode.swift; path = MainViewController.swift; sourceTree = "<group>"; };
		6EA4A98E221D8F020055C53E /* ContactsVC.swift */ = {isa = PBXFileReference; lastKnownFileType = sourcecode.swift; path = ContactsVC.swift; sourceTree = "<group>"; };
		6EA4A990221D8F380055C53E /* ContactsCell.swift */ = {isa = PBXFileReference; lastKnownFileType = sourcecode.swift; path = ContactsCell.swift; sourceTree = "<group>"; };
		6EA4A992221D92220055C53E /* Roboto-Regular.ttf */ = {isa = PBXFileReference; lastKnownFileType = file; path = "Roboto-Regular.ttf"; sourceTree = "<group>"; };
		6EA4A994221D95EB0055C53E /* ContactCampus.swift */ = {isa = PBXFileReference; lastKnownFileType = sourcecode.swift; path = ContactCampus.swift; sourceTree = "<group>"; };
		6EA9014D22130A19004A73B6 /* FooterCell.swift */ = {isa = PBXFileReference; lastKnownFileType = sourcecode.swift; path = FooterCell.swift; sourceTree = "<group>"; };
		6EA9351922257368006F2041 /* MapsDetailDescriptionCell.swift */ = {isa = PBXFileReference; lastKnownFileType = sourcecode.swift; path = MapsDetailDescriptionCell.swift; sourceTree = "<group>"; };
		6EA9351B22257D33006F2041 /* MapsDetailTaxiCell.swift */ = {isa = PBXFileReference; lastKnownFileType = sourcecode.swift; path = MapsDetailTaxiCell.swift; sourceTree = "<group>"; };
		6EA9351D22258950006F2041 /* MapsDetailAirCell.swift */ = {isa = PBXFileReference; lastKnownFileType = sourcecode.swift; path = MapsDetailAirCell.swift; sourceTree = "<group>"; };
		6EA935222225ABD7006F2041 /* CouncilVC.swift */ = {isa = PBXFileReference; lastKnownFileType = sourcecode.swift; path = CouncilVC.swift; sourceTree = "<group>"; };
		6EA935242225AD07006F2041 /* Council.swift */ = {isa = PBXFileReference; lastKnownFileType = sourcecode.swift; path = Council.swift; sourceTree = "<group>"; };
		6EA935262225AEFB006F2041 /* CouncilCell.swift */ = {isa = PBXFileReference; lastKnownFileType = sourcecode.swift; path = CouncilCell.swift; sourceTree = "<group>"; };
		6EA9398B2212F65200080F3C /* Roboto-Medium.ttf */ = {isa = PBXFileReference; lastKnownFileType = file; path = "Roboto-Medium.ttf"; sourceTree = "<group>"; };
		6EA9398D2212F6B400080F3C /* Constants.swift */ = {isa = PBXFileReference; lastKnownFileType = sourcecode.swift; path = Constants.swift; sourceTree = "<group>"; };
		6EA964FA21D7621600581E60 /* EventsDetailVC.storyboard */ = {isa = PBXFileReference; fileEncoding = 4; lastKnownFileType = file.storyboard; path = EventsDetailVC.storyboard; sourceTree = "<group>"; };
		6EA964FC21D7646B00581E60 /* EventsDetailTVC.storyboard */ = {isa = PBXFileReference; fileEncoding = 4; lastKnownFileType = file.storyboard; path = EventsDetailTVC.storyboard; sourceTree = "<group>"; };
		6EAD53B321D23AD60071118C /* Group.swift */ = {isa = PBXFileReference; lastKnownFileType = sourcecode.swift; path = Group.swift; sourceTree = "<group>"; };
		6EAD53B521D243460071118C /* Semester.swift */ = {isa = PBXFileReference; lastKnownFileType = sourcecode.swift; path = Semester.swift; sourceTree = "<group>"; };
		6EAD53B721D25A1B0071118C /* Schedule.swift */ = {isa = PBXFileReference; lastKnownFileType = sourcecode.swift; path = Schedule.swift; sourceTree = "<group>"; };
		6EAD53B921D262D30071118C /* Subject.swift */ = {isa = PBXFileReference; lastKnownFileType = sourcecode.swift; path = Subject.swift; sourceTree = "<group>"; };
		6EADBE1E222795E8007AA747 /* Manual.swift */ = {isa = PBXFileReference; lastKnownFileType = sourcecode.swift; path = Manual.swift; sourceTree = "<group>"; };
		6EADBE202227A6A9007AA747 /* PDFViewController.swift */ = {isa = PBXFileReference; lastKnownFileType = sourcecode.swift; path = PDFViewController.swift; sourceTree = "<group>"; };
		6EADBE232227BF18007AA747 /* Map.swift */ = {isa = PBXFileReference; lastKnownFileType = sourcecode.swift; path = Map.swift; sourceTree = "<group>"; };
		6EBDC3C7221FD5C900A5B163 /* AcademicsVC.swift */ = {isa = PBXFileReference; lastKnownFileType = sourcecode.swift; path = AcademicsVC.swift; sourceTree = "<group>"; };
		6EBDC3C9221FD84700A5B163 /* AcademicsHeaderCell.swift */ = {isa = PBXFileReference; lastKnownFileType = sourcecode.swift; path = AcademicsHeaderCell.swift; sourceTree = "<group>"; };
		6EBDC3CB221FD85300A5B163 /* AcademicsBodyCell.swift */ = {isa = PBXFileReference; lastKnownFileType = sourcecode.swift; path = AcademicsBodyCell.swift; sourceTree = "<group>"; };
		6EBDC3CD221FE64F00A5B163 /* Academics.swift */ = {isa = PBXFileReference; lastKnownFileType = sourcecode.swift; path = Academics.swift; sourceTree = "<group>"; };
		6EBDC3D222202F6200A5B163 /* Maps.swift */ = {isa = PBXFileReference; lastKnownFileType = sourcecode.swift; path = Maps.swift; sourceTree = "<group>"; };
		6EBDC3D42220309400A5B163 /* CampusesCell.swift */ = {isa = PBXFileReference; lastKnownFileType = sourcecode.swift; path = CampusesCell.swift; sourceTree = "<group>"; };
		6EBDC3D8222032E600A5B163 /* AboutUs.swift */ = {isa = PBXFileReference; lastKnownFileType = sourcecode.swift; path = AboutUs.swift; sourceTree = "<group>"; };
		6ECB0BA621DF69260034C5D3 /* PhotoCell.swift */ = {isa = PBXFileReference; lastKnownFileType = sourcecode.swift; path = PhotoCell.swift; sourceTree = "<group>"; };
		6ECF7EBB2225340A00CF62EF /* MapsDetailVC.swift */ = {isa = PBXFileReference; lastKnownFileType = sourcecode.swift; path = MapsDetailVC.swift; sourceTree = "<group>"; };
		6ECF7EBD222537D600CF62EF /* MapsDetailContactsCell.swift */ = {isa = PBXFileReference; lastKnownFileType = sourcecode.swift; path = MapsDetailContactsCell.swift; sourceTree = "<group>"; };
		6ED24ED42202F04100BDCD82 /* NewMapsVC.swift */ = {isa = PBXFileReference; lastKnownFileType = sourcecode.swift; path = NewMapsVC.swift; sourceTree = "<group>"; };
		6ED24ED62202F5E900BDCD82 /* NewCampus.swift */ = {isa = PBXFileReference; lastKnownFileType = sourcecode.swift; path = NewCampus.swift; sourceTree = "<group>"; };
		6ED24ED822031DAA00BDCD82 /* CampusDetail.swift */ = {isa = PBXFileReference; lastKnownFileType = sourcecode.swift; path = CampusDetail.swift; sourceTree = "<group>"; };
		6ED5B60221F06CE700E72AD1 /* MapsCVCell.swift */ = {isa = PBXFileReference; lastKnownFileType = sourcecode.swift; path = MapsCVCell.swift; sourceTree = "<group>"; };
		6ED5B60821F0BBA100E72AD1 /* CustomPin.swift */ = {isa = PBXFileReference; lastKnownFileType = sourcecode.swift; path = CustomPin.swift; sourceTree = "<group>"; };
		6ED9AED621CE4F4B00A86781 /* CalendarPopupViewController.swift */ = {isa = PBXFileReference; lastKnownFileType = sourcecode.swift; path = CalendarPopupViewController.swift; sourceTree = "<group>"; };
		6ED9AED821CE6C8B00A86781 /* CalendarPopupViewController.storyboard */ = {isa = PBXFileReference; fileEncoding = 4; lastKnownFileType = file.storyboard; path = CalendarPopupViewController.storyboard; sourceTree = "<group>"; };
		6EDB8AC521D0965800DD5DC9 /* ScheduleVC.storyboard */ = {isa = PBXFileReference; lastKnownFileType = file.storyboard; path = ScheduleVC.storyboard; sourceTree = "<group>"; };
		6EDB8AC721D09A6E00DD5DC9 /* ScheduleVC.swift */ = {isa = PBXFileReference; lastKnownFileType = sourcecode.swift; path = ScheduleVC.swift; sourceTree = "<group>"; };
		6EE4E39C21D4AD8900F6C3EB /* LibraryVC.storyboard */ = {isa = PBXFileReference; fileEncoding = 4; lastKnownFileType = file.storyboard; path = LibraryVC.storyboard; sourceTree = "<group>"; };
		6EE8428922213B16007FA3D4 /* NewsVC.swift */ = {isa = PBXFileReference; lastKnownFileType = sourcecode.swift; path = NewsVC.swift; sourceTree = "<group>"; };
		6EE8428B22213FCF007FA3D4 /* NewsCell.swift */ = {isa = PBXFileReference; lastKnownFileType = sourcecode.swift; path = NewsCell.swift; sourceTree = "<group>"; };
		6EE87CCF21D0CA9E00A3E353 /* ScheduleCV.swift */ = {isa = PBXFileReference; lastKnownFileType = sourcecode.swift; path = ScheduleCV.swift; sourceTree = "<group>"; };
		6EE87CD121D0CBF900A3E353 /* ScheduleCVCell.swift */ = {isa = PBXFileReference; lastKnownFileType = sourcecode.swift; path = ScheduleCVCell.swift; sourceTree = "<group>"; };
		6EE87CD521D0CE2400A3E353 /* ScheduleCV.storyboard */ = {isa = PBXFileReference; fileEncoding = 4; lastKnownFileType = file.storyboard; path = ScheduleCV.storyboard; sourceTree = "<group>"; };
		6EE87CD721D0CFF700A3E353 /* ScheduleTVCell.swift */ = {isa = PBXFileReference; lastKnownFileType = sourcecode.swift; path = ScheduleTVCell.swift; sourceTree = "<group>"; };
		6EEA64692204136D0045691A /* MapWindowVC.swift */ = {isa = PBXFileReference; lastKnownFileType = sourcecode.swift; path = MapWindowVC.swift; sourceTree = "<group>"; };
		6EFB3EF5221E84DC00DFC536 /* CampusPage.swift */ = {isa = PBXFileReference; lastKnownFileType = sourcecode.swift; path = CampusPage.swift; sourceTree = "<group>"; };
		6EFB3EF7221E873700DFC536 /* CampusBodyCell.swift */ = {isa = PBXFileReference; lastKnownFileType = sourcecode.swift; path = CampusBodyCell.swift; sourceTree = "<group>"; };
		6EFB3EF9221E8AD200DFC536 /* CampusHeaderCell.swift */ = {isa = PBXFileReference; lastKnownFileType = sourcecode.swift; path = CampusHeaderCell.swift; sourceTree = "<group>"; };
		6EFB3F00221EB28800DFC536 /* ApplicantVC.swift */ = {isa = PBXFileReference; lastKnownFileType = sourcecode.swift; path = ApplicantVC.swift; sourceTree = "<group>"; };
		6EFE1AA721E7A902008C59AC /* UIViewControllerTextField.swift */ = {isa = PBXFileReference; lastKnownFileType = sourcecode.swift; path = UIViewControllerTextField.swift; sourceTree = "<group>"; };
		9C7ADD3D872C39DD52823C23 /* Pods-ism.release.xcconfig */ = {isa = PBXFileReference; includeInIndex = 1; lastKnownFileType = text.xcconfig; name = "Pods-ism.release.xcconfig"; path = "Pods/Target Support Files/Pods-ism/Pods-ism.release.xcconfig"; sourceTree = "<group>"; };
		AA1F79793642C3B10F06CDCA /* Pods_ismUITests.framework */ = {isa = PBXFileReference; explicitFileType = wrapper.framework; includeInIndex = 0; path = Pods_ismUITests.framework; sourceTree = BUILT_PRODUCTS_DIR; };
/* End PBXFileReference section */

/* Begin PBXFrameworksBuildPhase section */
		23976141217D8E34005614C3 /* Frameworks */ = {
			isa = PBXFrameworksBuildPhase;
			buildActionMask = 2147483647;
			files = (
				23F09C7D21B68C4E001EF51C /* Alamofire.framework in Frameworks */,
				23F09C7F21B68C4E001EF51C /* AlamofireObjectMapper.framework in Frameworks */,
				23F09C8121B68C4E001EF51C /* HMSegmentedControl.framework in Frameworks */,
				23F09C8321B68C4E001EF51C /* MXPagerView.framework in Frameworks */,
				23F09C8521B68C4E001EF51C /* MXParallaxHeader.framework in Frameworks */,
				23F09C8721B68C4E001EF51C /* MXSegmentedPager.framework in Frameworks */,
				23F09C8921B68C4E001EF51C /* ObjectMapper.framework in Frameworks */,
				23F09C8F21B68C4E001EF51C /* RAMAnimatedTabBarController.framework in Frameworks */,
				23F09C9121B68C4E001EF51C /* SDWebImage.framework in Frameworks */,
				23F09C9321B68C4E001EF51C /* Toast_Swift.framework in Frameworks */,
				23F09C9521B68C4E001EF51C /* youtube_ios_player_helper.framework in Frameworks */,
				6E218981852536ED4FB71E06 /* Pods_ism.framework in Frameworks */,
			);
			runOnlyForDeploymentPostprocessing = 0;
		};
		23976155217D8E35005614C3 /* Frameworks */ = {
			isa = PBXFrameworksBuildPhase;
			buildActionMask = 2147483647;
			files = (
				CB08B8CFE7081A7830C0059A /* Pods_ismTests.framework in Frameworks */,
				1BC5B9C506B37F053D9F8114 /* Pods_ismTests.framework in Frameworks */,
			);
			runOnlyForDeploymentPostprocessing = 0;
		};
		23976160217D8E35005614C3 /* Frameworks */ = {
			isa = PBXFrameworksBuildPhase;
			buildActionMask = 2147483647;
			files = (
				060E61AA810FEC1FD3DDE99A /* Pods_ismUITests.framework in Frameworks */,
				B6F701FDC8A6A4307D47FBF9 /* Pods_ismUITests.framework in Frameworks */,
			);
			runOnlyForDeploymentPostprocessing = 0;
		};
/* End PBXFrameworksBuildPhase section */

/* Begin PBXGroup section */
		230384E92181E2F900457315 /* Home */ = {
			isa = PBXGroup;
			children = (
				6ED5B60121F05EA400E72AD1 /* Maps */,
				2312A49B21831A980003D07B /* HomePageViewController.swift */,
				2312A49D21831ACF0003D07B /* AboutPageViewController.swift */,
				2312A49F218708680003D07B /* CollectionViewCell.swift */,
				2312A4A32187174E0003D07B /* HomeVC.swift */,
				6EADBE202227A6A9007AA747 /* PDFViewController.swift */,
				236BA74921AD0D91005D5C4C /* IsmViewController.swift */,
				6ECB0BA621DF69260034C5D3 /* PhotoCell.swift */,
				6EA9014D22130A19004A73B6 /* FooterCell.swift */,
			);
			path = Home;
			sourceTree = "<group>";
		};
		2312A4B4218872F50003D07B /* registration */ = {
			isa = PBXGroup;
			children = (
				2312A4B52188730C0003D07B /* RegistrationViewController.swift */,
			);
			path = registration;
			sourceTree = "<group>";
		};
		233A97BF21C2188F0064E681 /* EventsVC */ = {
			isa = PBXGroup;
			children = (
				6EA964FC21D7646B00581E60 /* EventsDetailTVC.storyboard */,
				6EA964FA21D7621600581E60 /* EventsDetailVC.storyboard */,
				233A97C021C218A90064E681 /* EventsDetailVC.swift */,
				233A97C421C21AF90064E681 /* EventsCVCell.swift */,
				233A97C621C23B460064E681 /* EventsTVC.swift */,
				23A2C96721C8E1250022D2DA /* EventsDetailTVC.swift */,
			);
			path = EventsVC;
			sourceTree = "<group>";
		};
		236BA74421ABB823005D5C4C /* Taxi */ = {
			isa = PBXGroup;
			children = (
				6E13243721D56BFE00AAC185 /* TaxiVC.storyboard */,
				236BA74521ABB846005D5C4C /* TaxiVC.swift */,
				236BA74721ABB858005D5C4C /* TaxiTVCell.swift */,
			);
			path = Taxi;
			sourceTree = "<group>";
		};
		2397613B217D8E34005614C3 = {
			isa = PBXGroup;
			children = (
				23976146217D8E34005614C3 /* ism */,
				2397615B217D8E35005614C3 /* ismTests */,
				23976166217D8E35005614C3 /* ismUITests */,
				23976145217D8E34005614C3 /* Products */,
				DE046C8DAF249F9ACD90DB2E /* Pods */,
				46FF43D824026B05B64ACC78 /* Frameworks */,
			);
			sourceTree = "<group>";
		};
		23976145217D8E34005614C3 /* Products */ = {
			isa = PBXGroup;
			children = (
				23976144217D8E34005614C3 /* ism.app */,
				23976158217D8E35005614C3 /* ismTests.xctest */,
				23976163217D8E35005614C3 /* ismUITests.xctest */,
			);
			name = Products;
			sourceTree = "<group>";
		};
		23976146217D8E34005614C3 /* ism */ = {
			isa = PBXGroup;
			children = (
				6E2E7BE12226EF95004A2028 /* PassportAndVisa */,
				6EA9351F2225ABBC006F2041 /* Council */,
				6EE8428822213B06007FA3D4 /* News */,
				6EBDC3CF22202E8900A5B163 /* Maps */,
				6EBDC3C6221FD5B700A5B163 /* Academics */,
				6EFB3EFF221EB23A00DFC536 /* Applicant */,
				6EA9398A2212F62F00080F3C /* Fonts */,
				6EA4A98D221D8EF20055C53E /* ContactsVC */,
				6ED24ED32202F02C00BDCD82 /* NewMapsVC */,
				6E9D0DB421D780010058A583 /* launchScreen */,
				6E13242E21D503D800AAC185 /* IsmStudentVC */,
				6E13242B21D5003F00AAC185 /* PassportVC */,
				6EDB8AC421D095E200DD5DC9 /* Schedule */,
				6E0F8C0C21CF8D1100B2C191 /* Extensions */,
				6ED9AED521CE4F2A00A86781 /* popups */,
				23A2C96B21C900C30022D2DA /* VideoVC */,
				233A97BF21C2188F0064E681 /* EventsVC */,
				236BA74421ABB823005D5C4C /* Taxi */,
				23FFEBDB21A6C36F00216B71 /* LibraryVC */,
				23F699A721A576E2001E2428 /* models */,
				23F699A221A56FAA001E2428 /* TicketVC */,
				23F6999D21A557EE001E2428 /* Helper */,
				23F6999A21A556A6001E2428 /* ApiInteractor */,
				2312A4B4218872F50003D07B /* registration */,
				230384E92181E2F900457315 /* Home */,
				23976147217D8E34005614C3 /* AppDelegate.swift */,
				6E34714921E083CF007BCAD1 /* MainViewController.swift */,
				2397614B217D8E34005614C3 /* Main.storyboard */,
				2397614E217D8E35005614C3 /* Assets.xcassets */,
				23976153217D8E35005614C3 /* Info.plist */,
			);
			path = ism;
			sourceTree = "<group>";
		};
		2397615B217D8E35005614C3 /* ismTests */ = {
			isa = PBXGroup;
			children = (
				2397615C217D8E35005614C3 /* ismTests.swift */,
				2397615E217D8E35005614C3 /* Info.plist */,
			);
			path = ismTests;
			sourceTree = "<group>";
		};
		23976166217D8E35005614C3 /* ismUITests */ = {
			isa = PBXGroup;
			children = (
				23976167217D8E35005614C3 /* ismUITests.swift */,
				23976169217D8E35005614C3 /* Info.plist */,
			);
			path = ismUITests;
			sourceTree = "<group>";
		};
		23A2C96B21C900C30022D2DA /* VideoVC */ = {
			isa = PBXGroup;
			children = (
				6E13243321D54B4B00AAC185 /* VideoVC.storyboard */,
				23A2C97421C90CAB0022D2DA /* VideoVC.swift */,
				23A2C97021C90C3B0022D2DA /* VideoTVCell.swift */,
			);
			name = VideoVC;
			path = "New Group1";
			sourceTree = "<group>";
		};
		23F6999A21A556A6001E2428 /* ApiInteractor */ = {
			isa = PBXGroup;
			children = (
				23F6999B21A556DA001E2428 /* ApiInteractor.swift */,
			);
			path = ApiInteractor;
			sourceTree = "<group>";
		};
		23F6999D21A557EE001E2428 /* Helper */ = {
			isa = PBXGroup;
			children = (
				23F6999E21A55808001E2428 /* Constaints.swift */,
				2316684421A7C94F00DDA5F4 /* Extentions.swift */,
			);
			path = Helper;
			sourceTree = "<group>";
		};
		23F699A221A56FAA001E2428 /* TicketVC */ = {
			isa = PBXGroup;
			children = (
				6E13243521D56A4F00AAC185 /* TicketVC.storyboard */,
				23F699A321A56FD7001E2428 /* TicketVC.swift */,
				23F699A521A57099001E2428 /* TicketTVCell.swift */,
			);
			path = TicketVC;
			sourceTree = "<group>";
		};
		23F699A721A576E2001E2428 /* models */ = {
			isa = PBXGroup;
			children = (
				2312A4B0218862FD0003D07B /* Home.swift */,
				23F699A021A5620E001E2428 /* Tickets.swift */,
				23FFEBE021A6C54500216B71 /* Library.swift */,
				2316684721A7EB5800DDA5F4 /* Student.swift */,
				233A97C221C219110064E681 /* Event.swift */,
				233A97C821C259120064E681 /* About.swift */,
				23A2C95D21C79C180022D2DA /* Passport.swift */,
				23A2C96921C900860022D2DA /* Video.swift */,
				6EAD53B521D243460071118C /* Semester.swift */,
				6EAD53B721D25A1B0071118C /* Schedule.swift */,
				6EAD53B321D23AD60071118C /* Group.swift */,
				6EAD53B921D262D30071118C /* Subject.swift */,
				6ED24ED62202F5E900BDCD82 /* NewCampus.swift */,
				6EA4A994221D95EB0055C53E /* ContactCampus.swift */,
				6EBDC3CD221FE64F00A5B163 /* Academics.swift */,
				6EBDC3D8222032E600A5B163 /* AboutUs.swift */,
				6EA935242225AD07006F2041 /* Council.swift */,
				6EADBE1E222795E8007AA747 /* Manual.swift */,
			);
			path = models;
			sourceTree = "<group>";
		};
		23FFEBDB21A6C36F00216B71 /* LibraryVC */ = {
			isa = PBXGroup;
			children = (
				6EE4E39C21D4AD8900F6C3EB /* LibraryVC.storyboard */,
				23FFEBDC21A6C39800216B71 /* LibraryVC.swift */,
				23FFEBDE21A6C3E600216B71 /* LibraryTVCell.swift */,
			);
			path = LibraryVC;
			sourceTree = "<group>";
		};
		46FF43D824026B05B64ACC78 /* Frameworks */ = {
			isa = PBXGroup;
			children = (
				23F09C7C21B68C4E001EF51C /* Alamofire.framework */,
				23F09C7E21B68C4E001EF51C /* AlamofireObjectMapper.framework */,
				23F09C8021B68C4E001EF51C /* HMSegmentedControl.framework */,
				23F09C8221B68C4E001EF51C /* MXPagerView.framework */,
				23F09C8421B68C4E001EF51C /* MXParallaxHeader.framework */,
				23F09C8621B68C4E001EF51C /* MXSegmentedPager.framework */,
				23F09C8821B68C4E001EF51C /* ObjectMapper.framework */,
				23F09C8A21B68C4E001EF51C /* Pods_ismTests.framework */,
				23F09C8C21B68C4E001EF51C /* Pods_ismUITests.framework */,
				23F09C8E21B68C4E001EF51C /* RAMAnimatedTabBarController.framework */,
				23F09C9021B68C4E001EF51C /* SDWebImage.framework */,
				23F09C9221B68C4E001EF51C /* Toast_Swift.framework */,
				23F09C9421B68C4E001EF51C /* youtube_ios_player_helper.framework */,
				305A5446B007425E29ACAC43 /* Pods_ism.framework */,
				38AD982DC944684CE72D340E /* Pods_ismTests.framework */,
				AA1F79793642C3B10F06CDCA /* Pods_ismUITests.framework */,
			);
			name = Frameworks;
			sourceTree = "<group>";
		};
		6E0F8C0C21CF8D1100B2C191 /* Extensions */ = {
			isa = PBXGroup;
			children = (
				6E0F8C0D21CF8D3400B2C191 /* UIColorExtension.swift */,
				6E13242921D4FDF200AAC185 /* UIViewControllerNavBar.swift */,
				6EFE1AA721E7A902008C59AC /* UIViewControllerTextField.swift */,
			);
			path = Extensions;
			sourceTree = "<group>";
		};
		6E13242B21D5003F00AAC185 /* PassportVC */ = {
			isa = PBXGroup;
			children = (
				6E13242C21D502B700AAC185 /* PassportVC.storyboard */,
				23A2C95F21C79C660022D2DA /* PassportVC.swift */,
			);
			path = PassportVC;
			sourceTree = "<group>";
		};
		6E13242E21D503D800AAC185 /* IsmStudentVC */ = {
			isa = PBXGroup;
			children = (
				6E13242F21D5043900AAC185 /* IsmStudentVC.storyboard */,
				23A2C96121C7AAD30022D2DA /* IsmStudentVC.swift */,
			);
			path = IsmStudentVC;
			sourceTree = "<group>";
		};
		6E2E7BE12226EF95004A2028 /* PassportAndVisa */ = {
			isa = PBXGroup;
			children = (
				6E2E7BE42226F387004A2028 /* PassportViewController.swift */,
			);
			path = PassportAndVisa;
			sourceTree = "<group>";
		};
		6E9D0DB421D780010058A583 /* launchScreen */ = {
			isa = PBXGroup;
			children = (
				23976150217D8E35005614C3 /* LaunchScreen.storyboard */,
			);
			path = launchScreen;
			sourceTree = "<group>";
		};
		6EA4A98D221D8EF20055C53E /* ContactsVC */ = {
			isa = PBXGroup;
			children = (
				6EFB3EF4221E83EF00DFC536 /* CampusPage */,
				6EA4A98E221D8F020055C53E /* ContactsVC.swift */,
				6EA4A990221D8F380055C53E /* ContactsCell.swift */,
			);
			path = ContactsVC;
			sourceTree = "<group>";
		};
		6EA9351F2225ABBC006F2041 /* Council */ = {
			isa = PBXGroup;
			children = (
				6EA935222225ABD7006F2041 /* CouncilVC.swift */,
				6EA935262225AEFB006F2041 /* CouncilCell.swift */,
			);
			path = Council;
			sourceTree = "<group>";
		};
		6EA9398A2212F62F00080F3C /* Fonts */ = {
			isa = PBXGroup;
			children = (
				6EA4A992221D92220055C53E /* Roboto-Regular.ttf */,
				6EA9398B2212F65200080F3C /* Roboto-Medium.ttf */,
				6EA9398D2212F6B400080F3C /* Constants.swift */,
			);
			path = Fonts;
			sourceTree = "<group>";
		};
		6EADBE222227BF04007AA747 /* Map */ = {
			isa = PBXGroup;
			children = (
				6ED5B60821F0BBA100E72AD1 /* CustomPin.swift */,
				6EADBE232227BF18007AA747 /* Map.swift */,
			);
			path = Map;
			sourceTree = "<group>";
		};
		6EBDC3C6221FD5B700A5B163 /* Academics */ = {
			isa = PBXGroup;
			children = (
				6EBDC3C7221FD5C900A5B163 /* AcademicsVC.swift */,
				6EBDC3C9221FD84700A5B163 /* AcademicsHeaderCell.swift */,
				6EBDC3CB221FD85300A5B163 /* AcademicsBodyCell.swift */,
			);
			path = Academics;
			sourceTree = "<group>";
		};
		6EBDC3CF22202E8900A5B163 /* Maps */ = {
			isa = PBXGroup;
			children = (
				6ECF7EBA222533C100CF62EF /* MapsDetail */,
				6EBDC3D222202F6200A5B163 /* Maps.swift */,
				6EBDC3D42220309400A5B163 /* CampusesCell.swift */,
			);
			path = Maps;
			sourceTree = "<group>";
		};
		6ECF7EBA222533C100CF62EF /* MapsDetail */ = {
			isa = PBXGroup;
			children = (
				6EADBE222227BF04007AA747 /* Map */,
				6ECF7EBB2225340A00CF62EF /* MapsDetailVC.swift */,
				6ECF7EBD222537D600CF62EF /* MapsDetailContactsCell.swift */,
				6EA9351922257368006F2041 /* MapsDetailDescriptionCell.swift */,
				6EA9351B22257D33006F2041 /* MapsDetailTaxiCell.swift */,
				6EA9351D22258950006F2041 /* MapsDetailAirCell.swift */,
			);
			path = MapsDetail;
			sourceTree = "<group>";
		};
		6ED24ED32202F02C00BDCD82 /* NewMapsVC */ = {
			isa = PBXGroup;
			children = (
				6ED24ED42202F04100BDCD82 /* NewMapsVC.swift */,
				6ED24ED822031DAA00BDCD82 /* CampusDetail.swift */,
				6EEA64692204136D0045691A /* MapWindowVC.swift */,
			);
			path = NewMapsVC;
			sourceTree = "<group>";
		};
		6ED5B60121F05EA400E72AD1 /* Maps */ = {
			isa = PBXGroup;
			children = (
				2325B3D8218C6F5400DC55E2 /* MapsVC.swift */,
				6ED5B60221F06CE700E72AD1 /* MapsCVCell.swift */,
			);
			path = Maps;
			sourceTree = "<group>";
		};
		6ED9AED521CE4F2A00A86781 /* popups */ = {
			isa = PBXGroup;
			children = (
				6ED9AED821CE6C8B00A86781 /* CalendarPopupViewController.storyboard */,
				6ED9AED621CE4F4B00A86781 /* CalendarPopupViewController.swift */,
				6E0F8C1021CFFB0800B2C191 /* DatePickerViewController.swift */,
				6E0F8C1221CFFB1F00B2C191 /* DatePickerViewController.storyboard */,
			);
			path = popups;
			sourceTree = "<group>";
		};
		6EDB8AC421D095E200DD5DC9 /* Schedule */ = {
			isa = PBXGroup;
			children = (
				6EDB8AC721D09A6E00DD5DC9 /* ScheduleVC.swift */,
				6EDB8AC521D0965800DD5DC9 /* ScheduleVC.storyboard */,
				6EE87CCF21D0CA9E00A3E353 /* ScheduleCV.swift */,
				6EE87CD521D0CE2400A3E353 /* ScheduleCV.storyboard */,
				6EE87CD121D0CBF900A3E353 /* ScheduleCVCell.swift */,
				6EE87CD721D0CFF700A3E353 /* ScheduleTVCell.swift */,
			);
			path = Schedule;
			sourceTree = "<group>";
		};
		6EE8428822213B06007FA3D4 /* News */ = {
			isa = PBXGroup;
			children = (
				6EE8428922213B16007FA3D4 /* NewsVC.swift */,
				6EE8428B22213FCF007FA3D4 /* NewsCell.swift */,
			);
			path = News;
			sourceTree = "<group>";
		};
		6EFB3EF4221E83EF00DFC536 /* CampusPage */ = {
			isa = PBXGroup;
			children = (
				6EFB3EF5221E84DC00DFC536 /* CampusPage.swift */,
				6EFB3EF7221E873700DFC536 /* CampusBodyCell.swift */,
				6EFB3EF9221E8AD200DFC536 /* CampusHeaderCell.swift */,
			);
			path = CampusPage;
			sourceTree = "<group>";
		};
		6EFB3EFF221EB23A00DFC536 /* Applicant */ = {
			isa = PBXGroup;
			children = (
				6EFB3F00221EB28800DFC536 /* ApplicantVC.swift */,
				6E264493221ED8CE00A2487B /* LetterCell.swift */,
			);
			name = Applicant;
			path = "New Group";
			sourceTree = "<group>";
		};
		DE046C8DAF249F9ACD90DB2E /* Pods */ = {
			isa = PBXGroup;
			children = (
				2AFBD8F6F2E4D863F085FBF1 /* Pods-ism.debug.xcconfig */,
				9C7ADD3D872C39DD52823C23 /* Pods-ism.release.xcconfig */,
				52A904DD293C72B3E8FC6D64 /* Pods-ismTests.debug.xcconfig */,
				5F41E0C7A3878E4D506856F3 /* Pods-ismTests.release.xcconfig */,
				2F7B8238F3D93D7C7E9CD7CA /* Pods-ismUITests.debug.xcconfig */,
				65FE155C4162B26BD8998DCF /* Pods-ismUITests.release.xcconfig */,
			);
			name = Pods;
			sourceTree = "<group>";
		};
/* End PBXGroup section */

/* Begin PBXNativeTarget section */
		23976143217D8E34005614C3 /* ism */ = {
			isa = PBXNativeTarget;
			buildConfigurationList = 2397616C217D8E35005614C3 /* Build configuration list for PBXNativeTarget "ism" */;
			buildPhases = (
				5A567DB1A7369496B013C3D6 /* [CP] Check Pods Manifest.lock */,
				23976140217D8E34005614C3 /* Sources */,
				23976141217D8E34005614C3 /* Frameworks */,
				23976142217D8E34005614C3 /* Resources */,
				879EAA53137E49417CEF5640 /* [CP] Embed Pods Frameworks */,
				9DB309E1BCD0A7BE40B236A1 /* [CP] Copy Pods Resources */,
			);
			buildRules = (
			);
			dependencies = (
			);
			name = ism;
			productName = ism;
			productReference = 23976144217D8E34005614C3 /* ism.app */;
			productType = "com.apple.product-type.application";
		};
		23976157217D8E35005614C3 /* ismTests */ = {
			isa = PBXNativeTarget;
			buildConfigurationList = 2397616F217D8E35005614C3 /* Build configuration list for PBXNativeTarget "ismTests" */;
			buildPhases = (
				001C54620F8B8AC2DCDBBDF1 /* [CP] Check Pods Manifest.lock */,
				23976154217D8E35005614C3 /* Sources */,
				23976155217D8E35005614C3 /* Frameworks */,
				23976156217D8E35005614C3 /* Resources */,
			);
			buildRules = (
			);
			dependencies = (
				2397615A217D8E35005614C3 /* PBXTargetDependency */,
			);
			name = ismTests;
			productName = ismTests;
			productReference = 23976158217D8E35005614C3 /* ismTests.xctest */;
			productType = "com.apple.product-type.bundle.unit-test";
		};
		23976162217D8E35005614C3 /* ismUITests */ = {
			isa = PBXNativeTarget;
			buildConfigurationList = 23976172217D8E35005614C3 /* Build configuration list for PBXNativeTarget "ismUITests" */;
			buildPhases = (
				08EB1B7A75D91C49CE545651 /* [CP] Check Pods Manifest.lock */,
				2397615F217D8E35005614C3 /* Sources */,
				23976160217D8E35005614C3 /* Frameworks */,
				23976161217D8E35005614C3 /* Resources */,
			);
			buildRules = (
			);
			dependencies = (
				23976165217D8E35005614C3 /* PBXTargetDependency */,
			);
			name = ismUITests;
			productName = ismUITests;
			productReference = 23976163217D8E35005614C3 /* ismUITests.xctest */;
			productType = "com.apple.product-type.bundle.ui-testing";
		};
/* End PBXNativeTarget section */

/* Begin PBXProject section */
		2397613C217D8E34005614C3 /* Project object */ = {
			isa = PBXProject;
			attributes = {
				LastSwiftUpdateCheck = 1000;
				LastUpgradeCheck = 1000;
				ORGANIZATIONNAME = sunrise;
				TargetAttributes = {
					23976143217D8E34005614C3 = {
						CreatedOnToolsVersion = 10.0;
					};
					23976157217D8E35005614C3 = {
						CreatedOnToolsVersion = 10.0;
						TestTargetID = 23976143217D8E34005614C3;
					};
					23976162217D8E35005614C3 = {
						CreatedOnToolsVersion = 10.0;
						TestTargetID = 23976143217D8E34005614C3;
					};
				};
			};
			buildConfigurationList = 2397613F217D8E34005614C3 /* Build configuration list for PBXProject "ism" */;
			compatibilityVersion = "Xcode 9.3";
			developmentRegion = en;
			hasScannedForEncodings = 0;
			knownRegions = (
				en,
				Base,
			);
			mainGroup = 2397613B217D8E34005614C3;
			productRefGroup = 23976145217D8E34005614C3 /* Products */;
			projectDirPath = "";
			projectRoot = "";
			targets = (
				23976143217D8E34005614C3 /* ism */,
				23976157217D8E35005614C3 /* ismTests */,
				23976162217D8E35005614C3 /* ismUITests */,
			);
		};
/* End PBXProject section */

/* Begin PBXResourcesBuildPhase section */
		23976142217D8E34005614C3 /* Resources */ = {
			isa = PBXResourcesBuildPhase;
			buildActionMask = 2147483647;
			files = (
				6EA964FD21D7646B00581E60 /* EventsDetailTVC.storyboard in Resources */,
				6EDB8AC621D0965800DD5DC9 /* ScheduleVC.storyboard in Resources */,
				6E0F8C1321CFFB1F00B2C191 /* DatePickerViewController.storyboard in Resources */,
				6EA964FB21D7621600581E60 /* EventsDetailVC.storyboard in Resources */,
				23976152217D8E35005614C3 /* LaunchScreen.storyboard in Resources */,
				6E13243421D54B4B00AAC185 /* VideoVC.storyboard in Resources */,
				6ED9AED921CE6C8B00A86781 /* CalendarPopupViewController.storyboard in Resources */,
				6EA4A993221D92220055C53E /* Roboto-Regular.ttf in Resources */,
				6EA9398C2212F65200080F3C /* Roboto-Medium.ttf in Resources */,
				6EE4E39D21D4AD8900F6C3EB /* LibraryVC.storyboard in Resources */,
				6E13243621D56A4F00AAC185 /* TicketVC.storyboard in Resources */,
				6E13243021D5043900AAC185 /* IsmStudentVC.storyboard in Resources */,
				6E13243821D56BFE00AAC185 /* TaxiVC.storyboard in Resources */,
				6E13242D21D502B700AAC185 /* PassportVC.storyboard in Resources */,
				2397614F217D8E35005614C3 /* Assets.xcassets in Resources */,
				2397614D217D8E34005614C3 /* Main.storyboard in Resources */,
				6EE87CD621D0CE2400A3E353 /* ScheduleCV.storyboard in Resources */,
			);
			runOnlyForDeploymentPostprocessing = 0;
		};
		23976156217D8E35005614C3 /* Resources */ = {
			isa = PBXResourcesBuildPhase;
			buildActionMask = 2147483647;
			files = (
			);
			runOnlyForDeploymentPostprocessing = 0;
		};
		23976161217D8E35005614C3 /* Resources */ = {
			isa = PBXResourcesBuildPhase;
			buildActionMask = 2147483647;
			files = (
			);
			runOnlyForDeploymentPostprocessing = 0;
		};
/* End PBXResourcesBuildPhase section */

/* Begin PBXShellScriptBuildPhase section */
		001C54620F8B8AC2DCDBBDF1 /* [CP] Check Pods Manifest.lock */ = {
			isa = PBXShellScriptBuildPhase;
			buildActionMask = 2147483647;
			files = (
			);
			inputPaths = (
				"${PODS_PODFILE_DIR_PATH}/Podfile.lock",
				"${PODS_ROOT}/Manifest.lock",
			);
			name = "[CP] Check Pods Manifest.lock";
			outputPaths = (
				"$(DERIVED_FILE_DIR)/Pods-ismTests-checkManifestLockResult.txt",
			);
			runOnlyForDeploymentPostprocessing = 0;
			shellPath = /bin/sh;
			shellScript = "diff \"${PODS_PODFILE_DIR_PATH}/Podfile.lock\" \"${PODS_ROOT}/Manifest.lock\" > /dev/null\nif [ $? != 0 ] ; then\n    # print error to STDERR\n    echo \"error: The sandbox is not in sync with the Podfile.lock. Run 'pod install' or update your CocoaPods installation.\" >&2\n    exit 1\nfi\n# This output is used by Xcode 'outputs' to avoid re-running this script phase.\necho \"SUCCESS\" > \"${SCRIPT_OUTPUT_FILE_0}\"\n";
			showEnvVarsInLog = 0;
		};
		08EB1B7A75D91C49CE545651 /* [CP] Check Pods Manifest.lock */ = {
			isa = PBXShellScriptBuildPhase;
			buildActionMask = 2147483647;
			files = (
			);
			inputPaths = (
				"${PODS_PODFILE_DIR_PATH}/Podfile.lock",
				"${PODS_ROOT}/Manifest.lock",
			);
			name = "[CP] Check Pods Manifest.lock";
			outputPaths = (
				"$(DERIVED_FILE_DIR)/Pods-ismUITests-checkManifestLockResult.txt",
			);
			runOnlyForDeploymentPostprocessing = 0;
			shellPath = /bin/sh;
			shellScript = "diff \"${PODS_PODFILE_DIR_PATH}/Podfile.lock\" \"${PODS_ROOT}/Manifest.lock\" > /dev/null\nif [ $? != 0 ] ; then\n    # print error to STDERR\n    echo \"error: The sandbox is not in sync with the Podfile.lock. Run 'pod install' or update your CocoaPods installation.\" >&2\n    exit 1\nfi\n# This output is used by Xcode 'outputs' to avoid re-running this script phase.\necho \"SUCCESS\" > \"${SCRIPT_OUTPUT_FILE_0}\"\n";
			showEnvVarsInLog = 0;
		};
		5A567DB1A7369496B013C3D6 /* [CP] Check Pods Manifest.lock */ = {
			isa = PBXShellScriptBuildPhase;
			buildActionMask = 2147483647;
			files = (
			);
			inputPaths = (
				"${PODS_PODFILE_DIR_PATH}/Podfile.lock",
				"${PODS_ROOT}/Manifest.lock",
			);
			name = "[CP] Check Pods Manifest.lock";
			outputPaths = (
				"$(DERIVED_FILE_DIR)/Pods-ism-checkManifestLockResult.txt",
			);
			runOnlyForDeploymentPostprocessing = 0;
			shellPath = /bin/sh;
			shellScript = "diff \"${PODS_PODFILE_DIR_PATH}/Podfile.lock\" \"${PODS_ROOT}/Manifest.lock\" > /dev/null\nif [ $? != 0 ] ; then\n    # print error to STDERR\n    echo \"error: The sandbox is not in sync with the Podfile.lock. Run 'pod install' or update your CocoaPods installation.\" >&2\n    exit 1\nfi\n# This output is used by Xcode 'outputs' to avoid re-running this script phase.\necho \"SUCCESS\" > \"${SCRIPT_OUTPUT_FILE_0}\"\n";
			showEnvVarsInLog = 0;
		};
		879EAA53137E49417CEF5640 /* [CP] Embed Pods Frameworks */ = {
			isa = PBXShellScriptBuildPhase;
			buildActionMask = 2147483647;
			files = (
			);
			inputPaths = (
				"${SRCROOT}/Pods/Target Support Files/Pods-ism/Pods-ism-frameworks.sh",
				"${BUILT_PRODUCTS_DIR}/Alamofire/Alamofire.framework",
				"${BUILT_PRODUCTS_DIR}/AlamofireObjectMapper/AlamofireObjectMapper.framework",
				"${BUILT_PRODUCTS_DIR}/Cartography/Cartography.framework",
				"${BUILT_PRODUCTS_DIR}/HMSegmentedControl/HMSegmentedControl.framework",
				"${BUILT_PRODUCTS_DIR}/IQKeyboardManagerSwift/IQKeyboardManagerSwift.framework",
				"${BUILT_PRODUCTS_DIR}/Koyomi/Koyomi.framework",
				"${BUILT_PRODUCTS_DIR}/LTHRadioButton/LTHRadioButton.framework",
				"${BUILT_PRODUCTS_DIR}/MXPagerView/MXPagerView.framework",
				"${BUILT_PRODUCTS_DIR}/MXParallaxHeader/MXParallaxHeader.framework",
				"${BUILT_PRODUCTS_DIR}/MXSegmentedPager/MXSegmentedPager.framework",
				"${BUILT_PRODUCTS_DIR}/ObjectMapper/ObjectMapper.framework",
				"${BUILT_PRODUCTS_DIR}/RAMAnimatedTabBarController/RAMAnimatedTabBarController.framework",
				"${BUILT_PRODUCTS_DIR}/SDWebImage/SDWebImage.framework",
				"${BUILT_PRODUCTS_DIR}/Toast-Swift/Toast_Swift.framework",
				"${BUILT_PRODUCTS_DIR}/youtube-ios-player-helper/youtube_ios_player_helper.framework",
			);
			name = "[CP] Embed Pods Frameworks";
			outputPaths = (
				"${TARGET_BUILD_DIR}/${FRAMEWORKS_FOLDER_PATH}/Alamofire.framework",
				"${TARGET_BUILD_DIR}/${FRAMEWORKS_FOLDER_PATH}/AlamofireObjectMapper.framework",
				"${TARGET_BUILD_DIR}/${FRAMEWORKS_FOLDER_PATH}/Cartography.framework",
				"${TARGET_BUILD_DIR}/${FRAMEWORKS_FOLDER_PATH}/HMSegmentedControl.framework",
				"${TARGET_BUILD_DIR}/${FRAMEWORKS_FOLDER_PATH}/IQKeyboardManagerSwift.framework",
				"${TARGET_BUILD_DIR}/${FRAMEWORKS_FOLDER_PATH}/Koyomi.framework",
				"${TARGET_BUILD_DIR}/${FRAMEWORKS_FOLDER_PATH}/LTHRadioButton.framework",
				"${TARGET_BUILD_DIR}/${FRAMEWORKS_FOLDER_PATH}/MXPagerView.framework",
				"${TARGET_BUILD_DIR}/${FRAMEWORKS_FOLDER_PATH}/MXParallaxHeader.framework",
				"${TARGET_BUILD_DIR}/${FRAMEWORKS_FOLDER_PATH}/MXSegmentedPager.framework",
				"${TARGET_BUILD_DIR}/${FRAMEWORKS_FOLDER_PATH}/ObjectMapper.framework",
				"${TARGET_BUILD_DIR}/${FRAMEWORKS_FOLDER_PATH}/RAMAnimatedTabBarController.framework",
				"${TARGET_BUILD_DIR}/${FRAMEWORKS_FOLDER_PATH}/SDWebImage.framework",
				"${TARGET_BUILD_DIR}/${FRAMEWORKS_FOLDER_PATH}/Toast_Swift.framework",
				"${TARGET_BUILD_DIR}/${FRAMEWORKS_FOLDER_PATH}/youtube_ios_player_helper.framework",
			);
			runOnlyForDeploymentPostprocessing = 0;
			shellPath = /bin/sh;
			shellScript = "\"${SRCROOT}/Pods/Target Support Files/Pods-ism/Pods-ism-frameworks.sh\"\n";
			showEnvVarsInLog = 0;
		};
		9DB309E1BCD0A7BE40B236A1 /* [CP] Copy Pods Resources */ = {
			isa = PBXShellScriptBuildPhase;
			buildActionMask = 2147483647;
			files = (
			);
			inputPaths = (
				"${SRCROOT}/Pods/Target Support Files/Pods-ism/Pods-ism-resources.sh",
				"${PODS_ROOT}/GoogleMaps/Maps/Frameworks/GoogleMaps.framework/Resources/GoogleMaps.bundle",
				"${PODS_ROOT}/GooglePlaces/Frameworks/GooglePlaces.framework/Resources/GooglePlaces.bundle",
			);
			name = "[CP] Copy Pods Resources";
			outputPaths = (
				"${TARGET_BUILD_DIR}/${UNLOCALIZED_RESOURCES_FOLDER_PATH}/GoogleMaps.bundle",
				"${TARGET_BUILD_DIR}/${UNLOCALIZED_RESOURCES_FOLDER_PATH}/GooglePlaces.bundle",
			);
			runOnlyForDeploymentPostprocessing = 0;
			shellPath = /bin/sh;
			shellScript = "\"${SRCROOT}/Pods/Target Support Files/Pods-ism/Pods-ism-resources.sh\"\n";
			showEnvVarsInLog = 0;
		};
/* End PBXShellScriptBuildPhase section */

/* Begin PBXSourcesBuildPhase section */
		23976140217D8E34005614C3 /* Sources */ = {
			isa = PBXSourcesBuildPhase;
			buildActionMask = 2147483647;
			files = (
				6EBDC3CE221FE64F00A5B163 /* Academics.swift in Sources */,
				23A2C96221C7AAD30022D2DA /* IsmStudentVC.swift in Sources */,
				233A97C721C23B460064E681 /* EventsTVC.swift in Sources */,
				6EBDC3D9222032E600A5B163 /* AboutUs.swift in Sources */,
				6EA4A995221D95EB0055C53E /* ContactCampus.swift in Sources */,
				6EA935232225ABD7006F2041 /* CouncilVC.swift in Sources */,
				6EE87CD221D0CBF900A3E353 /* ScheduleCVCell.swift in Sources */,
				6EA9351A22257368006F2041 /* MapsDetailDescriptionCell.swift in Sources */,
				6EAD53B421D23AD60071118C /* Group.swift in Sources */,
				6EFB3EF8221E873700DFC536 /* CampusBodyCell.swift in Sources */,
				6EFB3F01221EB28800DFC536 /* ApplicantVC.swift in Sources */,
				6ED5B60921F0BBA100E72AD1 /* CustomPin.swift in Sources */,
				236BA74621ABB846005D5C4C /* TaxiVC.swift in Sources */,
				2312A49E21831ACF0003D07B /* AboutPageViewController.swift in Sources */,
				23F6999C21A556DA001E2428 /* ApiInteractor.swift in Sources */,
				23FFEBDD21A6C39800216B71 /* LibraryVC.swift in Sources */,
				6EBDC3C8221FD5C900A5B163 /* AcademicsVC.swift in Sources */,
				6EAD53B621D243460071118C /* Semester.swift in Sources */,
				2312A49C21831A980003D07B /* HomePageViewController.swift in Sources */,
				6EBDC3D52220309400A5B163 /* CampusesCell.swift in Sources */,
				6ED24ED922031DAA00BDCD82 /* CampusDetail.swift in Sources */,
				6EA935252225AD07006F2041 /* Council.swift in Sources */,
				2312A4A0218708680003D07B /* CollectionViewCell.swift in Sources */,
				6EA9014E22130A19004A73B6 /* FooterCell.swift in Sources */,
				2312A4A42187174E0003D07B /* HomeVC.swift in Sources */,
				233A97C921C259120064E681 /* About.swift in Sources */,
				6EFB3EF6221E84DC00DFC536 /* CampusPage.swift in Sources */,
				23FFEBE121A6C54500216B71 /* Library.swift in Sources */,
				23F699A421A56FD7001E2428 /* TicketVC.swift in Sources */,
				6EEA646A2204136D0045691A /* MapWindowVC.swift in Sources */,
				23A2C97121C90C3B0022D2DA /* VideoTVCell.swift in Sources */,
				2316684821A7EB5800DDA5F4 /* Student.swift in Sources */,
				23A2C96A21C900860022D2DA /* Video.swift in Sources */,
				6ED9AED721CE4F4B00A86781 /* CalendarPopupViewController.swift in Sources */,
				6EBDC3D322202F6200A5B163 /* Maps.swift in Sources */,
				6E264494221ED8CE00A2487B /* LetterCell.swift in Sources */,
				233A97C521C21AF90064E681 /* EventsCVCell.swift in Sources */,
				6EA9351C22257D33006F2041 /* MapsDetailTaxiCell.swift in Sources */,
				6EA935272225AEFB006F2041 /* CouncilCell.swift in Sources */,
				6E13242A21D4FDF200AAC185 /* UIViewControllerNavBar.swift in Sources */,
				6EADBE1F222795E8007AA747 /* Manual.swift in Sources */,
				6EBDC3CA221FD84700A5B163 /* AcademicsHeaderCell.swift in Sources */,
				23A2C97521C90CAC0022D2DA /* VideoVC.swift in Sources */,
				6ECB0BA721DF69260034C5D3 /* PhotoCell.swift in Sources */,
				233A97C321C219110064E681 /* Event.swift in Sources */,
				6E34714A21E083CF007BCAD1 /* MainViewController.swift in Sources */,
				2312A4B62188730C0003D07B /* RegistrationViewController.swift in Sources */,
				6EFE1AA821E7A902008C59AC /* UIViewControllerTextField.swift in Sources */,
				6EA9351E22258950006F2041 /* MapsDetailAirCell.swift in Sources */,
				23A2C96021C79C660022D2DA /* PassportVC.swift in Sources */,
				6EFB3EFA221E8AD200DFC536 /* CampusHeaderCell.swift in Sources */,
				23A2C95E21C79C180022D2DA /* Passport.swift in Sources */,
				23F6999F21A55808001E2428 /* Constaints.swift in Sources */,
				236BA74821ABB858005D5C4C /* TaxiTVCell.swift in Sources */,
				6EA9398E2212F6B400080F3C /* Constants.swift in Sources */,
				6EADBE242227BF18007AA747 /* Map.swift in Sources */,
				6ED5B60321F06CE700E72AD1 /* MapsCVCell.swift in Sources */,
				6E0F8C0E21CF8D3400B2C191 /* UIColorExtension.swift in Sources */,
				2316684521A7C94F00DDA5F4 /* Extentions.swift in Sources */,
				6E0F8C1121CFFB0800B2C191 /* DatePickerViewController.swift in Sources */,
				236BA74A21AD0D91005D5C4C /* IsmViewController.swift in Sources */,
				6EE8428A22213B16007FA3D4 /* NewsVC.swift in Sources */,
				6ECF7EBC2225340A00CF62EF /* MapsDetailVC.swift in Sources */,
				23A2C96821C8E1250022D2DA /* EventsDetailTVC.swift in Sources */,
				6EAD53B821D25A1B0071118C /* Schedule.swift in Sources */,
				6EA4A991221D8F380055C53E /* ContactsCell.swift in Sources */,
				6EAD53BA21D262D30071118C /* Subject.swift in Sources */,
				6EDB8AC821D09A6E00DD5DC9 /* ScheduleVC.swift in Sources */,
				6E2E7BE52226F387004A2028 /* PassportViewController.swift in Sources */,
				2312A4B1218862FD0003D07B /* Home.swift in Sources */,
				233A97C121C218A90064E681 /* EventsDetailVC.swift in Sources */,
				6EE87CD021D0CA9E00A3E353 /* ScheduleCV.swift in Sources */,
				6ED24ED72202F5E900BDCD82 /* NewCampus.swift in Sources */,
				2325B3D9218C6F5400DC55E2 /* MapsVC.swift in Sources */,
				23F699A621A57099001E2428 /* TicketTVCell.swift in Sources */,
				6EE8428C22213FCF007FA3D4 /* NewsCell.swift in Sources */,
				6EADBE212227A6A9007AA747 /* PDFViewController.swift in Sources */,
				23FFEBDF21A6C3E600216B71 /* LibraryTVCell.swift in Sources */,
				6ECF7EBE222537D600CF62EF /* MapsDetailContactsCell.swift in Sources */,
				6EBDC3CC221FD85300A5B163 /* AcademicsBodyCell.swift in Sources */,
				23976148217D8E34005614C3 /* AppDelegate.swift in Sources */,
				23F699A121A5620E001E2428 /* Tickets.swift in Sources */,
				6ED24ED52202F04100BDCD82 /* NewMapsVC.swift in Sources */,
				6EE87CD821D0CFF700A3E353 /* ScheduleTVCell.swift in Sources */,
				6EA4A98F221D8F020055C53E /* ContactsVC.swift in Sources */,
			);
			runOnlyForDeploymentPostprocessing = 0;
		};
		23976154217D8E35005614C3 /* Sources */ = {
			isa = PBXSourcesBuildPhase;
			buildActionMask = 2147483647;
			files = (
				2397615D217D8E35005614C3 /* ismTests.swift in Sources */,
			);
			runOnlyForDeploymentPostprocessing = 0;
		};
		2397615F217D8E35005614C3 /* Sources */ = {
			isa = PBXSourcesBuildPhase;
			buildActionMask = 2147483647;
			files = (
				23976168217D8E35005614C3 /* ismUITests.swift in Sources */,
			);
			runOnlyForDeploymentPostprocessing = 0;
		};
/* End PBXSourcesBuildPhase section */

/* Begin PBXTargetDependency section */
		2397615A217D8E35005614C3 /* PBXTargetDependency */ = {
			isa = PBXTargetDependency;
			target = 23976143217D8E34005614C3 /* ism */;
			targetProxy = 23976159217D8E35005614C3 /* PBXContainerItemProxy */;
		};
		23976165217D8E35005614C3 /* PBXTargetDependency */ = {
			isa = PBXTargetDependency;
			target = 23976143217D8E34005614C3 /* ism */;
			targetProxy = 23976164217D8E35005614C3 /* PBXContainerItemProxy */;
		};
/* End PBXTargetDependency section */

/* Begin PBXVariantGroup section */
		2397614B217D8E34005614C3 /* Main.storyboard */ = {
			isa = PBXVariantGroup;
			children = (
				2397614C217D8E34005614C3 /* Base */,
			);
			name = Main.storyboard;
			sourceTree = "<group>";
		};
		23976150217D8E35005614C3 /* LaunchScreen.storyboard */ = {
			isa = PBXVariantGroup;
			children = (
				23976151217D8E35005614C3 /* Base */,
			);
			name = LaunchScreen.storyboard;
			sourceTree = "<group>";
		};
/* End PBXVariantGroup section */

/* Begin XCBuildConfiguration section */
		2397616A217D8E35005614C3 /* Debug */ = {
			isa = XCBuildConfiguration;
			buildSettings = {
				ALWAYS_SEARCH_USER_PATHS = NO;
				CLANG_ANALYZER_NONNULL = YES;
				CLANG_ANALYZER_NUMBER_OBJECT_CONVERSION = YES_AGGRESSIVE;
				CLANG_CXX_LANGUAGE_STANDARD = "gnu++14";
				CLANG_CXX_LIBRARY = "libc++";
				CLANG_ENABLE_MODULES = YES;
				CLANG_ENABLE_OBJC_ARC = YES;
				CLANG_ENABLE_OBJC_WEAK = YES;
				CLANG_WARN_BLOCK_CAPTURE_AUTORELEASING = YES;
				CLANG_WARN_BOOL_CONVERSION = YES;
				CLANG_WARN_COMMA = YES;
				CLANG_WARN_CONSTANT_CONVERSION = YES;
				CLANG_WARN_DEPRECATED_OBJC_IMPLEMENTATIONS = YES;
				CLANG_WARN_DIRECT_OBJC_ISA_USAGE = YES_ERROR;
				CLANG_WARN_DOCUMENTATION_COMMENTS = YES;
				CLANG_WARN_EMPTY_BODY = YES;
				CLANG_WARN_ENUM_CONVERSION = YES;
				CLANG_WARN_INFINITE_RECURSION = YES;
				CLANG_WARN_INT_CONVERSION = YES;
				CLANG_WARN_NON_LITERAL_NULL_CONVERSION = YES;
				CLANG_WARN_OBJC_IMPLICIT_RETAIN_SELF = YES;
				CLANG_WARN_OBJC_LITERAL_CONVERSION = YES;
				CLANG_WARN_OBJC_ROOT_CLASS = YES_ERROR;
				CLANG_WARN_RANGE_LOOP_ANALYSIS = YES;
				CLANG_WARN_STRICT_PROTOTYPES = YES;
				CLANG_WARN_SUSPICIOUS_MOVE = YES;
				CLANG_WARN_UNGUARDED_AVAILABILITY = YES_AGGRESSIVE;
				CLANG_WARN_UNREACHABLE_CODE = YES;
				CLANG_WARN__DUPLICATE_METHOD_MATCH = YES;
				CODE_SIGN_IDENTITY = "iPhone Developer";
				COPY_PHASE_STRIP = NO;
				DEBUG_INFORMATION_FORMAT = dwarf;
				ENABLE_STRICT_OBJC_MSGSEND = YES;
				ENABLE_TESTABILITY = YES;
				GCC_C_LANGUAGE_STANDARD = gnu11;
				GCC_DYNAMIC_NO_PIC = NO;
				GCC_NO_COMMON_BLOCKS = YES;
				GCC_OPTIMIZATION_LEVEL = 0;
				GCC_PREPROCESSOR_DEFINITIONS = (
					"DEBUG=1",
					"$(inherited)",
				);
				GCC_WARN_64_TO_32_BIT_CONVERSION = YES;
				GCC_WARN_ABOUT_RETURN_TYPE = YES_ERROR;
				GCC_WARN_UNDECLARED_SELECTOR = YES;
				GCC_WARN_UNINITIALIZED_AUTOS = YES_AGGRESSIVE;
				GCC_WARN_UNUSED_FUNCTION = YES;
				GCC_WARN_UNUSED_VARIABLE = YES;
				IPHONEOS_DEPLOYMENT_TARGET = 12.0;
				MTL_ENABLE_DEBUG_INFO = INCLUDE_SOURCE;
				MTL_FAST_MATH = YES;
				ONLY_ACTIVE_ARCH = YES;
				SDKROOT = iphoneos;
				SWIFT_ACTIVE_COMPILATION_CONDITIONS = DEBUG;
				SWIFT_OPTIMIZATION_LEVEL = "-Onone";
			};
			name = Debug;
		};
		2397616B217D8E35005614C3 /* Release */ = {
			isa = XCBuildConfiguration;
			buildSettings = {
				ALWAYS_SEARCH_USER_PATHS = NO;
				CLANG_ANALYZER_NONNULL = YES;
				CLANG_ANALYZER_NUMBER_OBJECT_CONVERSION = YES_AGGRESSIVE;
				CLANG_CXX_LANGUAGE_STANDARD = "gnu++14";
				CLANG_CXX_LIBRARY = "libc++";
				CLANG_ENABLE_MODULES = YES;
				CLANG_ENABLE_OBJC_ARC = YES;
				CLANG_ENABLE_OBJC_WEAK = YES;
				CLANG_WARN_BLOCK_CAPTURE_AUTORELEASING = YES;
				CLANG_WARN_BOOL_CONVERSION = YES;
				CLANG_WARN_COMMA = YES;
				CLANG_WARN_CONSTANT_CONVERSION = YES;
				CLANG_WARN_DEPRECATED_OBJC_IMPLEMENTATIONS = YES;
				CLANG_WARN_DIRECT_OBJC_ISA_USAGE = YES_ERROR;
				CLANG_WARN_DOCUMENTATION_COMMENTS = YES;
				CLANG_WARN_EMPTY_BODY = YES;
				CLANG_WARN_ENUM_CONVERSION = YES;
				CLANG_WARN_INFINITE_RECURSION = YES;
				CLANG_WARN_INT_CONVERSION = YES;
				CLANG_WARN_NON_LITERAL_NULL_CONVERSION = YES;
				CLANG_WARN_OBJC_IMPLICIT_RETAIN_SELF = YES;
				CLANG_WARN_OBJC_LITERAL_CONVERSION = YES;
				CLANG_WARN_OBJC_ROOT_CLASS = YES_ERROR;
				CLANG_WARN_RANGE_LOOP_ANALYSIS = YES;
				CLANG_WARN_STRICT_PROTOTYPES = YES;
				CLANG_WARN_SUSPICIOUS_MOVE = YES;
				CLANG_WARN_UNGUARDED_AVAILABILITY = YES_AGGRESSIVE;
				CLANG_WARN_UNREACHABLE_CODE = YES;
				CLANG_WARN__DUPLICATE_METHOD_MATCH = YES;
				CODE_SIGN_IDENTITY = "iPhone Developer";
				COPY_PHASE_STRIP = NO;
				DEBUG_INFORMATION_FORMAT = "dwarf-with-dsym";
				ENABLE_NS_ASSERTIONS = NO;
				ENABLE_STRICT_OBJC_MSGSEND = YES;
				GCC_C_LANGUAGE_STANDARD = gnu11;
				GCC_NO_COMMON_BLOCKS = YES;
				GCC_WARN_64_TO_32_BIT_CONVERSION = YES;
				GCC_WARN_ABOUT_RETURN_TYPE = YES_ERROR;
				GCC_WARN_UNDECLARED_SELECTOR = YES;
				GCC_WARN_UNINITIALIZED_AUTOS = YES_AGGRESSIVE;
				GCC_WARN_UNUSED_FUNCTION = YES;
				GCC_WARN_UNUSED_VARIABLE = YES;
				IPHONEOS_DEPLOYMENT_TARGET = 12.0;
				MTL_ENABLE_DEBUG_INFO = NO;
				MTL_FAST_MATH = YES;
				SDKROOT = iphoneos;
				SWIFT_COMPILATION_MODE = wholemodule;
				SWIFT_OPTIMIZATION_LEVEL = "-O";
				VALIDATE_PRODUCT = YES;
			};
			name = Release;
		};
		2397616D217D8E35005614C3 /* Debug */ = {
			isa = XCBuildConfiguration;
			baseConfigurationReference = 2AFBD8F6F2E4D863F085FBF1 /* Pods-ism.debug.xcconfig */;
			buildSettings = {
				ASSETCATALOG_COMPILER_APPICON_NAME = AppIcon;
				CODE_SIGN_STYLE = Automatic;
				DEVELOPMENT_TEAM = YDG37K9NRQ;
				INFOPLIST_FILE = ism/Info.plist;
				IPHONEOS_DEPLOYMENT_TARGET = 11.0;
				LD_RUNPATH_SEARCH_PATHS = (
					"$(inherited)",
					"@executable_path/Frameworks",
				);
				PRODUCT_BUNDLE_IDENTIFIER = sunrise.app.ism;
				PRODUCT_NAME = "$(TARGET_NAME)";
				SWIFT_VERSION = 4.2;
				TARGETED_DEVICE_FAMILY = 1;
			};
			name = Debug;
		};
		2397616E217D8E35005614C3 /* Release */ = {
			isa = XCBuildConfiguration;
			baseConfigurationReference = 9C7ADD3D872C39DD52823C23 /* Pods-ism.release.xcconfig */;
			buildSettings = {
				ASSETCATALOG_COMPILER_APPICON_NAME = AppIcon;
				CODE_SIGN_STYLE = Automatic;
				DEVELOPMENT_TEAM = YDG37K9NRQ;
				INFOPLIST_FILE = ism/Info.plist;
				IPHONEOS_DEPLOYMENT_TARGET = 11.0;
				LD_RUNPATH_SEARCH_PATHS = (
					"$(inherited)",
					"@executable_path/Frameworks",
				);
				PRODUCT_BUNDLE_IDENTIFIER = sunrise.app.ism;
				PRODUCT_NAME = "$(TARGET_NAME)";
				SWIFT_VERSION = 4.2;
				TARGETED_DEVICE_FAMILY = 1;
			};
			name = Release;
		};
		23976170217D8E35005614C3 /* Debug */ = {
			isa = XCBuildConfiguration;
			baseConfigurationReference = 52A904DD293C72B3E8FC6D64 /* Pods-ismTests.debug.xcconfig */;
			buildSettings = {
				ALWAYS_EMBED_SWIFT_STANDARD_LIBRARIES = YES;
				BUNDLE_LOADER = "$(TEST_HOST)";
				CODE_SIGN_STYLE = Automatic;
				DEVELOPMENT_TEAM = AZ8XRFPTZM;
				INFOPLIST_FILE = ismTests/Info.plist;
				LD_RUNPATH_SEARCH_PATHS = (
					"$(inherited)",
					"@executable_path/Frameworks",
					"@loader_path/Frameworks",
				);
				PRODUCT_BUNDLE_IDENTIFIER = app.ismTests;
				PRODUCT_NAME = "$(TARGET_NAME)";
				SWIFT_VERSION = 4.2;
				TARGETED_DEVICE_FAMILY = "1,2";
				TEST_HOST = "$(BUILT_PRODUCTS_DIR)/ism.app/ism";
			};
			name = Debug;
		};
		23976171217D8E35005614C3 /* Release */ = {
			isa = XCBuildConfiguration;
			baseConfigurationReference = 5F41E0C7A3878E4D506856F3 /* Pods-ismTests.release.xcconfig */;
			buildSettings = {
				ALWAYS_EMBED_SWIFT_STANDARD_LIBRARIES = YES;
				BUNDLE_LOADER = "$(TEST_HOST)";
				CODE_SIGN_STYLE = Automatic;
				DEVELOPMENT_TEAM = AZ8XRFPTZM;
				INFOPLIST_FILE = ismTests/Info.plist;
				LD_RUNPATH_SEARCH_PATHS = (
					"$(inherited)",
					"@executable_path/Frameworks",
					"@loader_path/Frameworks",
				);
				PRODUCT_BUNDLE_IDENTIFIER = app.ismTests;
				PRODUCT_NAME = "$(TARGET_NAME)";
				SWIFT_VERSION = 4.2;
				TARGETED_DEVICE_FAMILY = "1,2";
				TEST_HOST = "$(BUILT_PRODUCTS_DIR)/ism.app/ism";
			};
			name = Release;
		};
		23976173217D8E35005614C3 /* Debug */ = {
			isa = XCBuildConfiguration;
			baseConfigurationReference = 2F7B8238F3D93D7C7E9CD7CA /* Pods-ismUITests.debug.xcconfig */;
			buildSettings = {
				ALWAYS_EMBED_SWIFT_STANDARD_LIBRARIES = YES;
				CODE_SIGN_STYLE = Automatic;
				DEVELOPMENT_TEAM = AZ8XRFPTZM;
				INFOPLIST_FILE = ismUITests/Info.plist;
				LD_RUNPATH_SEARCH_PATHS = (
					"$(inherited)",
					"@executable_path/Frameworks",
					"@loader_path/Frameworks",
				);
				PRODUCT_BUNDLE_IDENTIFIER = app.ismUITests;
				PRODUCT_NAME = "$(TARGET_NAME)";
				SWIFT_VERSION = 4.2;
				TARGETED_DEVICE_FAMILY = "1,2";
				TEST_TARGET_NAME = ism;
			};
			name = Debug;
		};
		23976174217D8E35005614C3 /* Release */ = {
			isa = XCBuildConfiguration;
			baseConfigurationReference = 65FE155C4162B26BD8998DCF /* Pods-ismUITests.release.xcconfig */;
			buildSettings = {
				ALWAYS_EMBED_SWIFT_STANDARD_LIBRARIES = YES;
				CODE_SIGN_STYLE = Automatic;
				DEVELOPMENT_TEAM = AZ8XRFPTZM;
				INFOPLIST_FILE = ismUITests/Info.plist;
				LD_RUNPATH_SEARCH_PATHS = (
					"$(inherited)",
					"@executable_path/Frameworks",
					"@loader_path/Frameworks",
				);
				PRODUCT_BUNDLE_IDENTIFIER = app.ismUITests;
				PRODUCT_NAME = "$(TARGET_NAME)";
				SWIFT_VERSION = 4.2;
				TARGETED_DEVICE_FAMILY = "1,2";
				TEST_TARGET_NAME = ism;
			};
			name = Release;
		};
/* End XCBuildConfiguration section */

/* Begin XCConfigurationList section */
		2397613F217D8E34005614C3 /* Build configuration list for PBXProject "ism" */ = {
			isa = XCConfigurationList;
			buildConfigurations = (
				2397616A217D8E35005614C3 /* Debug */,
				2397616B217D8E35005614C3 /* Release */,
			);
			defaultConfigurationIsVisible = 0;
			defaultConfigurationName = Release;
		};
		2397616C217D8E35005614C3 /* Build configuration list for PBXNativeTarget "ism" */ = {
			isa = XCConfigurationList;
			buildConfigurations = (
				2397616D217D8E35005614C3 /* Debug */,
				2397616E217D8E35005614C3 /* Release */,
			);
			defaultConfigurationIsVisible = 0;
			defaultConfigurationName = Release;
		};
		2397616F217D8E35005614C3 /* Build configuration list for PBXNativeTarget "ismTests" */ = {
			isa = XCConfigurationList;
			buildConfigurations = (
				23976170217D8E35005614C3 /* Debug */,
				23976171217D8E35005614C3 /* Release */,
			);
			defaultConfigurationIsVisible = 0;
			defaultConfigurationName = Release;
		};
		23976172217D8E35005614C3 /* Build configuration list for PBXNativeTarget "ismUITests" */ = {
			isa = XCConfigurationList;
			buildConfigurations = (
				23976173217D8E35005614C3 /* Debug */,
				23976174217D8E35005614C3 /* Release */,
			);
			defaultConfigurationIsVisible = 0;
			defaultConfigurationName = Release;
		};
/* End XCConfigurationList section */
	};
	rootObject = 2397613C217D8E34005614C3 /* Project object */;
}
